<?xml version="1.0" encoding="utf-8"?>
<Project ToolsVersion="4.0" xmlns="http://schemas.microsoft.com/developer/msbuild/2003">
  <ItemGroup>
    <Filter Include="소스 파일">
      <UniqueIdentifier>{4FC737F1-C7A5-4376-A066-2A32D752A2FF}</UniqueIdentifier>
      <Extensions>cpp;c;cc;cxx;def;odl;idl;hpj;bat;asm;asmx</Extensions>
    </Filter>
    <Filter Include="헤더 파일">
      <UniqueIdentifier>{93995380-89BD-4b04-88EB-625FBE52EBFB}</UniqueIdentifier>
      <Extensions>h;hh;hpp;hxx;hm;inl;inc;ipp;xsd</Extensions>
    </Filter>
    <Filter Include="리소스 파일">
      <UniqueIdentifier>{67DA6AB6-F800-4c08-8B7A-83BB121AAD01}</UniqueIdentifier>
      <Extensions>rc;ico;cur;bmp;dlg;rc2;rct;bin;rgs;gif;jpg;jpeg;jpe;resx;tiff;tif;png;wav;mfcribbon-ms</Extensions>
    </Filter>
    <Filter Include="소스 파일\Basicstructure">
      <UniqueIdentifier>{63585af2-5ce5-425b-ae37-22f1cab49c67}</UniqueIdentifier>
    </Filter>
    <Filter Include="헤더 파일\Basicstructure">
      <UniqueIdentifier>{47bf3dfe-f6ed-4449-add7-e3884ce2a585}</UniqueIdentifier>
    </Filter>
    <Filter Include="소스 파일\Object">
      <UniqueIdentifier>{a61366b1-5861-4594-99b2-0dbe582a7b21}</UniqueIdentifier>
    </Filter>
    <Filter Include="헤더 파일\Object">
      <UniqueIdentifier>{668456e6-ae09-48df-9aed-619bfb7239de}</UniqueIdentifier>
    </Filter>
  </ItemGroup>
  <ItemGroup>
    <ClInclude Include="wClass.h">
      <Filter>헤더 파일\Basicstructure</Filter>
    </ClInclude>
    <ClInclude Include="Core.h">
      <Filter>헤더 파일\Basicstructure</Filter>
    </ClInclude>
    <ClInclude Include="d3dUtil.h">
      <Filter>헤더 파일\Basicstructure</Filter>
    </ClInclude>
    <ClInclude Include="Device.h">
      <Filter>헤더 파일\Basicstructure</Filter>
    </ClInclude>
    <ClInclude Include="Timer.h">
      <Filter>헤더 파일\Basicstructure</Filter>
    </ClInclude>
    <ClInclude Include="DirectWrite.h">
      <Filter>헤더 파일\Basicstructure</Filter>
    </ClInclude>
    <ClInclude Include="DirectInput.h">
      <Filter>헤더 파일\Basicstructure</Filter>
    </ClInclude>
    <ClInclude Include="DxObj.h">
      <Filter>헤더 파일\Object</Filter>
    </ClInclude>
    <ClInclude Include="ObjectStd.h">
      <Filter>헤더 파일\Object</Filter>
    </ClInclude>
    <ClInclude Include="Shape.h">
      <Filter>헤더 파일\Object</Filter>
    </ClInclude>
    <ClInclude Include="MathHelper.h">
      <Filter>헤더 파일\Basicstructure</Filter>
    </ClInclude>
    <ClInclude Include="Camera.h">
      <Filter>헤더 파일</Filter>
    </ClInclude>
    <ClInclude Include="DxState.h">
      <Filter>헤더 파일</Filter>
    </ClInclude>
    <ClInclude Include="DxRT.h">
      <Filter>헤더 파일</Filter>
    </ClInclude>
    <ClInclude Include="Minimap.h">
      <Filter>헤더 파일</Filter>
    </ClInclude>
  </ItemGroup>
  <ItemGroup>
    <ClCompile Include="wClass.cpp">
      <Filter>소스 파일\Basicstructure</Filter>
    </ClCompile>
    <ClCompile Include="Core.cpp">
      <Filter>소스 파일\Basicstructure</Filter>
    </ClCompile>
    <ClCompile Include="d3dUtil.cpp">
      <Filter>소스 파일\Basicstructure</Filter>
    </ClCompile>
    <ClCompile Include="Device.cpp">
      <Filter>소스 파일\Basicstructure</Filter>
    </ClCompile>
    <ClCompile Include="Timer.cpp">
      <Filter>소스 파일\Basicstructure</Filter>
    </ClCompile>
    <ClCompile Include="DirectWrite.cpp">
      <Filter>소스 파일\Basicstructure</Filter>
    </ClCompile>
    <ClCompile Include="DirectInput.cpp">
      <Filter>소스 파일\Basicstructure</Filter>
    </ClCompile>
    <ClCompile Include="DxObj.cpp">
      <Filter>소스 파일\Object</Filter>
    </ClCompile>
    <ClCompile Include="Shape.cpp">
      <Filter>소스 파일\Object</Filter>
    </ClCompile>
    <ClCompile Include="MathHelper.cpp">
      <Filter>소스 파일\Basicstructure</Filter>
    </ClCompile>
    <ClCompile Include="Lineshape.cpp">
      <Filter>소스 파일\Object</Filter>
    </ClCompile>
    <ClCompile Include="PlaneShape.cpp">
      <Filter>소스 파일\Object</Filter>
    </ClCompile>
    <ClCompile Include="Camera.cpp">
      <Filter>소스 파일</Filter>
    </ClCompile>
    <ClCompile Include="DxState.cpp">
      <Filter>소스 파일</Filter>
    </ClCompile>
    <ClCompile Include="DxRT.cpp">
      <Filter>소스 파일</Filter>
    </ClCompile>
    <ClCompile Include="Minimap.cpp">
      <Filter>소스 파일</Filter>
    </ClCompile>
  </ItemGroup>
</Project>