<?xml version="1.0" encoding="utf-8"?>
<Project ToolsVersion="4.0" xmlns="http://schemas.microsoft.com/developer/msbuild/2003">
  <ItemGroup>
    <Filter Include="소스 파일">
      <UniqueIdentifier>{4FC737F1-C7A5-4376-A066-2A32D752A2FF}</UniqueIdentifier>
      <Extensions>cpp;c;cc;cxx;def;odl;idl;hpj;bat;asm;asmx</Extensions>
    </Filter>
    <Filter Include="헤더 파일">
      <UniqueIdentifier>{93995380-89BD-4b04-88EB-625FBE52EBFB}</UniqueIdentifier>
      <Extensions>h;hh;hpp;hxx;hm;inl;inc;ipp;xsd</Extensions>
    </Filter>
    <Filter Include="리소스 파일">
      <UniqueIdentifier>{67DA6AB6-F800-4c08-8B7A-83BB121AAD01}</UniqueIdentifier>
      <Extensions>rc;ico;cur;bmp;dlg;rc2;rct;bin;rgs;gif;jpg;jpeg;jpe;resx;tiff;tif;png;wav;mfcribbon-ms</Extensions>
    </Filter>
    <Filter Include="소스 파일\Object">
      <UniqueIdentifier>{04edadfc-c845-4662-945b-a0a54bd8948d}</UniqueIdentifier>
    </Filter>
    <Filter Include="헤더 파일\Object">
      <UniqueIdentifier>{92513dff-1d4c-45cb-b417-20f8af05c981}</UniqueIdentifier>
    </Filter>
    <Filter Include="소스 파일\Object\UI">
      <UniqueIdentifier>{31d542e2-27d8-4a68-b581-f1222aeb410d}</UniqueIdentifier>
    </Filter>
    <Filter Include="헤더 파일\Object\UI">
      <UniqueIdentifier>{6e02177d-0d9b-4afd-95f5-445b209cf07a}</UniqueIdentifier>
    </Filter>
    <Filter Include="소스 파일\BasicStructure">
      <UniqueIdentifier>{a900cacd-6125-43e1-b69f-344d91b570ce}</UniqueIdentifier>
    </Filter>
    <Filter Include="헤더 파일\BasicStructure">
      <UniqueIdentifier>{38eb438d-73cf-4d61-bb33-e7a93dca5cc0}</UniqueIdentifier>
    </Filter>
    <Filter Include="헤더 파일\Object\BasicObject">
      <UniqueIdentifier>{2bdf1d01-b4e1-4fc5-be46-543da47ba3c4}</UniqueIdentifier>
    </Filter>
    <Filter Include="소스 파일\Object\BasicObject">
      <UniqueIdentifier>{4e7762bf-b014-4210-99a7-7ca43ddf0df3}</UniqueIdentifier>
    </Filter>
    <Filter Include="소스 파일\Scene">
      <UniqueIdentifier>{69a625a4-9ce4-46e7-89fc-e9d37bfd087b}</UniqueIdentifier>
    </Filter>
    <Filter Include="헤더 파일\Scene">
      <UniqueIdentifier>{bcda7f7e-31cf-457c-9e90-a300869e70ca}</UniqueIdentifier>
    </Filter>
    <Filter Include="소스 파일\Sprite">
      <UniqueIdentifier>{f0085ae2-2a5a-4a84-834a-9a3e50a0a87b}</UniqueIdentifier>
    </Filter>
    <Filter Include="헤더 파일\Sprite">
      <UniqueIdentifier>{322b9b76-9fbc-4191-9801-1025e6b34c92}</UniqueIdentifier>
    </Filter>
    <Filter Include="소스 파일\Object\Effect">
      <UniqueIdentifier>{0a468f1a-62a3-4440-a23a-bb79579086cf}</UniqueIdentifier>
    </Filter>
    <Filter Include="소스 파일\State">
      <UniqueIdentifier>{f81389ab-920b-45e1-9b07-80e8653288b6}</UniqueIdentifier>
    </Filter>
    <Filter Include="소스 파일\Object\Character">
      <UniqueIdentifier>{1477ffa8-82e5-4bc2-8521-aa7fa1c6bc29}</UniqueIdentifier>
    </Filter>
    <Filter Include="헤더 파일\State">
      <UniqueIdentifier>{1b8a411c-05e4-4435-8c96-863b433ac88e}</UniqueIdentifier>
    </Filter>
    <Filter Include="헤더 파일\Object\Character">
      <UniqueIdentifier>{fe99efa6-f88d-4331-abbe-63527035ee5d}</UniqueIdentifier>
    </Filter>
    <Filter Include="헤더 파일\Object\Effect">
      <UniqueIdentifier>{be4124a3-6b40-4b34-949f-4f84ad43c079}</UniqueIdentifier>
    </Filter>
    <Filter Include="소스 파일\Sound">
      <UniqueIdentifier>{1b35615b-75e7-43ed-aa1f-cfc145ae5065}</UniqueIdentifier>
    </Filter>
    <Filter Include="헤더 파일\Sound">
      <UniqueIdentifier>{eb3ce7e1-b1da-4399-8d2d-0052f081f27b}</UniqueIdentifier>
    </Filter>
    <Filter Include="소스 파일\Object\Terrain">
      <UniqueIdentifier>{286d6667-28d9-4af3-b943-53abced4ddba}</UniqueIdentifier>
    </Filter>
    <Filter Include="헤더 파일\Object\Terrain">
      <UniqueIdentifier>{f36d0800-fb39-4ca1-961b-8aed2a0c70ff}</UniqueIdentifier>
    </Filter>
  </ItemGroup>
  <ItemGroup>
    <ClInclude Include="Shader.h">
      <Filter>헤더 파일</Filter>
    </ClInclude>
    <ClInclude Include="Texture.h">
      <Filter>헤더 파일</Filter>
    </ClInclude>
    <ClInclude Include="Button.h">
      <Filter>헤더 파일\Object\UI</Filter>
    </ClInclude>
    <ClInclude Include="Core.h">
      <Filter>헤더 파일\BasicStructure</Filter>
    </ClInclude>
    <ClInclude Include="d3dUtil.h">
      <Filter>헤더 파일\BasicStructure</Filter>
    </ClInclude>
    <ClInclude Include="Device.h">
      <Filter>헤더 파일\BasicStructure</Filter>
    </ClInclude>
    <ClInclude Include="DeviceInfo.h">
      <Filter>헤더 파일\BasicStructure</Filter>
    </ClInclude>
    <ClInclude Include="DirectInput.h">
      <Filter>헤더 파일\BasicStructure</Filter>
    </ClInclude>
    <ClInclude Include="DirectWrite.h">
      <Filter>헤더 파일\BasicStructure</Filter>
    </ClInclude>
    <ClInclude Include="Timer.h">
      <Filter>헤더 파일\BasicStructure</Filter>
    </ClInclude>
    <ClInclude Include="wClass.h">
      <Filter>헤더 파일\BasicStructure</Filter>
    </ClInclude>
    <ClInclude Include="Object.h">
      <Filter>헤더 파일\Object\BasicObject</Filter>
    </ClInclude>
    <ClInclude Include="Object_Basic.h">
      <Filter>헤더 파일\Object\BasicObject</Filter>
    </ClInclude>
    <ClInclude Include="Plane_Object.h">
      <Filter>헤더 파일\Object\BasicObject</Filter>
    </ClInclude>
    <ClInclude Include="Background.h">
      <Filter>헤더 파일\Object</Filter>
    </ClInclude>
    <ClInclude Include="Scene.h">
      <Filter>헤더 파일\Scene</Filter>
    </ClInclude>
    <ClInclude Include="GameScene.h">
      <Filter>헤더 파일\Scene</Filter>
    </ClInclude>
    <ClInclude Include="Sprite.h">
      <Filter>헤더 파일\Sprite</Filter>
    </ClInclude>
    <ClInclude Include="PlayerBasicState.h">
      <Filter>헤더 파일\State</Filter>
    </ClInclude>
    <ClInclude Include="State.h">
      <Filter>헤더 파일\State</Filter>
    </ClInclude>
    <ClInclude Include="Character.h">
      <Filter>헤더 파일\Object\Character</Filter>
    </ClInclude>
    <ClInclude Include="Player.h">
      <Filter>헤더 파일\Object\Character</Filter>
    </ClInclude>
    <ClInclude Include="SceneMgr.h">
      <Filter>헤더 파일\Scene</Filter>
    </ClInclude>
    <ClInclude Include="KahoAttack.h">
      <Filter>헤더 파일\Object\Effect</Filter>
    </ClInclude>
    <ClInclude Include="Effect.h">
      <Filter>헤더 파일\Object\Effect</Filter>
    </ClInclude>
    <ClInclude Include="ObjectMgr.h">
      <Filter>헤더 파일\Object</Filter>
    </ClInclude>
    <ClInclude Include="PlayerAttack.h">
      <Filter>헤더 파일\State</Filter>
    </ClInclude>
    <ClInclude Include="mSound.h">
      <Filter>헤더 파일\Sound</Filter>
    </ClInclude>
    <ClInclude Include="Fade.h">
      <Filter>헤더 파일\Object</Filter>
    </ClInclude>
    <ClInclude Include="Terrain.h">
      <Filter>헤더 파일\Object\Terrain</Filter>
    </ClInclude>
    <ClInclude Include="DownableObject.h">
      <Filter>헤더 파일\Object\Terrain</Filter>
    </ClInclude>
    <ClInclude Include="Ladder.h">
      <Filter>헤더 파일\Object\Terrain</Filter>
    </ClInclude>
  </ItemGroup>
  <ItemGroup>
    <ClCompile Include="Shader.cpp">
      <Filter>소스 파일</Filter>
    </ClCompile>
    <ClCompile Include="Texture.cpp">
      <Filter>소스 파일</Filter>
    </ClCompile>
    <ClCompile Include="Button.cpp">
      <Filter>소스 파일\Object\UI</Filter>
    </ClCompile>
    <ClCompile Include="wClass.cpp">
      <Filter>소스 파일\BasicStructure</Filter>
    </ClCompile>
    <ClCompile Include="Core.cpp">
      <Filter>소스 파일\BasicStructure</Filter>
    </ClCompile>
    <ClCompile Include="d3dUtil.cpp">
      <Filter>소스 파일\BasicStructure</Filter>
    </ClCompile>
    <ClCompile Include="Device.cpp">
      <Filter>소스 파일\BasicStructure</Filter>
    </ClCompile>
    <ClCompile Include="DeviceInfo.cpp">
      <Filter>소스 파일\BasicStructure</Filter>
    </ClCompile>
    <ClCompile Include="DirectInput.cpp">
      <Filter>소스 파일\BasicStructure</Filter>
    </ClCompile>
    <ClCompile Include="DirectWrite.cpp">
      <Filter>소스 파일\BasicStructure</Filter>
    </ClCompile>
    <ClCompile Include="Timer.cpp">
      <Filter>소스 파일\BasicStructure</Filter>
    </ClCompile>
    <ClCompile Include="Plane_Object.cpp">
      <Filter>소스 파일\Object\BasicObject</Filter>
    </ClCompile>
    <ClCompile Include="Object.cpp">
      <Filter>소스 파일\Object\BasicObject</Filter>
    </ClCompile>
    <ClCompile Include="Object_Basic.cpp">
      <Filter>소스 파일\Object\BasicObject</Filter>
    </ClCompile>
    <ClCompile Include="Background.cpp">
      <Filter>소스 파일\Object</Filter>
    </ClCompile>
    <ClCompile Include="GameScene.cpp">
      <Filter>소스 파일\Scene</Filter>
    </ClCompile>
    <ClCompile Include="Scene.cpp">
      <Filter>소스 파일\Scene</Filter>
    </ClCompile>
    <ClCompile Include="Sprite.cpp">
      <Filter>소스 파일\Sprite</Filter>
    </ClCompile>
    <ClCompile Include="PlayerBasicState.cpp">
      <Filter>소스 파일\State</Filter>
    </ClCompile>
    <ClCompile Include="State.cpp">
      <Filter>소스 파일\State</Filter>
    </ClCompile>
    <ClCompile Include="KahoAttack.cpp">
      <Filter>소스 파일\Object\Effect</Filter>
    </ClCompile>
    <ClCompile Include="Effect.cpp">
      <Filter>소스 파일\Object\Effect</Filter>
    </ClCompile>
    <ClCompile Include="Player.cpp">
      <Filter>소스 파일\Object\Character</Filter>
    </ClCompile>
    <ClCompile Include="Character.cpp">
      <Filter>소스 파일\Object\Character</Filter>
    </ClCompile>
    <ClCompile Include="SceneMgr.cpp">
      <Filter>소스 파일\Scene</Filter>
    </ClCompile>
    <ClCompile Include="ObjectMgr.cpp">
      <Filter>소스 파일\Object</Filter>
    </ClCompile>
    <ClCompile Include="PlayerAttack.cpp">
      <Filter>소스 파일\State</Filter>
    </ClCompile>
    <ClCompile Include="mSound.cpp">
      <Filter>소스 파일\Sound</Filter>
    </ClCompile>
    <ClCompile Include="Fade.cpp">
      <Filter>소스 파일\Object</Filter>
    </ClCompile>
    <ClCompile Include="Terrain.cpp">
      <Filter>소스 파일\Object\Terrain</Filter>
    </ClCompile>
    <ClCompile Include="DownableObject.cpp">
      <Filter>소스 파일\Object\Terrain</Filter>
    </ClCompile>
    <ClCompile Include="Ladder.cpp">
      <Filter>소스 파일\Object\Terrain</Filter>
    </ClCompile>
  </ItemGroup>
  <ItemGroup>
    <Text Include="..\..\Momodora\Data\txt\VertexShader.txt" />
  </ItemGroup>
</Project>