<?xml version="1.0" encoding="utf-8"?>
<Project ToolsVersion="4.0" xmlns="http://schemas.microsoft.com/developer/msbuild/2003">
  <ItemGroup>
    <Filter Include="소스 파일">
      <UniqueIdentifier>{4FC737F1-C7A5-4376-A066-2A32D752A2FF}</UniqueIdentifier>
      <Extensions>cpp;c;cc;cxx;def;odl;idl;hpj;bat;asm;asmx</Extensions>
    </Filter>
    <Filter Include="헤더 파일">
      <UniqueIdentifier>{93995380-89BD-4b04-88EB-625FBE52EBFB}</UniqueIdentifier>
      <Extensions>h;hh;hpp;hxx;hm;inl;inc;ipp;xsd</Extensions>
    </Filter>
    <Filter Include="리소스 파일">
      <UniqueIdentifier>{67DA6AB6-F800-4c08-8B7A-83BB121AAD01}</UniqueIdentifier>
      <Extensions>rc;ico;cur;bmp;dlg;rc2;rct;bin;rgs;gif;jpg;jpeg;jpe;resx;tiff;tif;png;wav;mfcribbon-ms</Extensions>
    </Filter>
    <Filter Include="소스 파일\Sprite">
      <UniqueIdentifier>{177915a9-52d3-4a06-b36e-0a7ed33b5b07}</UniqueIdentifier>
    </Filter>
    <Filter Include="헤더 파일\Sprite">
      <UniqueIdentifier>{2fe11081-fa73-4dbb-b7fd-f9cbf02b2de5}</UniqueIdentifier>
    </Filter>
    <Filter Include="소스 파일\State">
      <UniqueIdentifier>{284fd3ae-45f9-4caa-9c23-b20f22280748}</UniqueIdentifier>
    </Filter>
    <Filter Include="헤더 파일\State">
      <UniqueIdentifier>{9ac94761-63c3-47c3-b8ef-5a400238653d}</UniqueIdentifier>
    </Filter>
    <Filter Include="소스 파일\Object">
      <UniqueIdentifier>{1a36c857-7ce6-423b-b731-6e87b4451361}</UniqueIdentifier>
    </Filter>
    <Filter Include="헤더 파일\Object">
      <UniqueIdentifier>{03694beb-a61c-4c9d-9794-7d67d5c72084}</UniqueIdentifier>
    </Filter>
    <Filter Include="소스 파일\Object\CharacterObject">
      <UniqueIdentifier>{c6b66c68-e609-407e-990d-c7c8f0ec4c07}</UniqueIdentifier>
    </Filter>
    <Filter Include="헤더 파일\Object\CharacterObject">
      <UniqueIdentifier>{e52eb5a5-9122-4edc-9da0-5de96e025a2a}</UniqueIdentifier>
    </Filter>
    <Filter Include="소스 파일\FSM">
      <UniqueIdentifier>{64e48e95-6d57-4e4a-b48e-c2d4e4927b20}</UniqueIdentifier>
    </Filter>
    <Filter Include="헤더 파일\FSM">
      <UniqueIdentifier>{4fee1f54-5aaa-4938-9ce6-1a9b9cad8143}</UniqueIdentifier>
    </Filter>
    <Filter Include="소스 파일\Object\EffectObj">
      <UniqueIdentifier>{0b7fb4e3-a116-45c0-b472-f3167170d8ad}</UniqueIdentifier>
    </Filter>
    <Filter Include="헤더 파일\Object\EffectObj">
      <UniqueIdentifier>{78b6ac38-f9a4-400b-b9ce-3d0f67c26f0b}</UniqueIdentifier>
    </Filter>
  </ItemGroup>
  <ItemGroup>
    <ClInclude Include="DeviceInfo.h">
      <Filter>헤더 파일</Filter>
    </ClInclude>
    <ClInclude Include="DirectInput.h">
      <Filter>헤더 파일</Filter>
    </ClInclude>
    <ClInclude Include="DirectWrite.h">
      <Filter>헤더 파일</Filter>
    </ClInclude>
    <ClInclude Include="Shader.h">
      <Filter>헤더 파일</Filter>
    </ClInclude>
    <ClInclude Include="SpriteMgr.h">
      <Filter>헤더 파일</Filter>
    </ClInclude>
    <ClInclude Include="Texture.h">
      <Filter>헤더 파일</Filter>
    </ClInclude>
    <ClInclude Include="Timer.h">
      <Filter>헤더 파일</Filter>
    </ClInclude>
    <ClInclude Include="wClass.h">
      <Filter>헤더 파일</Filter>
    </ClInclude>
    <ClInclude Include="Core.h">
      <Filter>헤더 파일</Filter>
    </ClInclude>
    <ClInclude Include="d3dUtil.h">
      <Filter>헤더 파일</Filter>
    </ClInclude>
    <ClInclude Include="Device.h">
      <Filter>헤더 파일</Filter>
    </ClInclude>
    <ClInclude Include="Sprite.h">
      <Filter>헤더 파일\Sprite</Filter>
    </ClInclude>
    <ClInclude Include="CharacterObject.h">
      <Filter>헤더 파일\Object\CharacterObject</Filter>
    </ClInclude>
    <ClInclude Include="Player.h">
      <Filter>헤더 파일\Object\CharacterObject</Filter>
    </ClInclude>
    <ClInclude Include="State.h">
      <Filter>헤더 파일\State</Filter>
    </ClInclude>
    <ClInclude Include="PlayerBasicState.h">
      <Filter>헤더 파일\State</Filter>
    </ClInclude>
    <ClInclude Include="Object.h">
      <Filter>헤더 파일\Object</Filter>
    </ClInclude>
    <ClInclude Include="TriangleObject.h">
      <Filter>헤더 파일\Object</Filter>
    </ClInclude>
    <ClInclude Include="PlaneObject.h">
      <Filter>헤더 파일\Object</Filter>
    </ClInclude>
    <ClInclude Include="PlayerAttack.h">
      <Filter>헤더 파일\State</Filter>
    </ClInclude>
    <ClInclude Include="FinateStateMachine.h">
      <Filter>헤더 파일\FSM</Filter>
    </ClInclude>
    <ClInclude Include="FSMMgr.h">
      <Filter>헤더 파일\FSM</Filter>
    </ClInclude>
    <ClInclude Include="EffectObj.h">
      <Filter>헤더 파일\Object\EffectObj</Filter>
    </ClInclude>
    <ClInclude Include="KahoAttack.h">
      <Filter>헤더 파일\Object\EffectObj</Filter>
    </ClInclude>
    <ClInclude Include="mSound.h">
      <Filter>헤더 파일</Filter>
    </ClInclude>
    <ClInclude Include="TerrainObject.h">
      <Filter>헤더 파일\Object</Filter>
    </ClInclude>
  </ItemGroup>
  <ItemGroup>
    <ClCompile Include="DirectInput.cpp">
      <Filter>소스 파일</Filter>
    </ClCompile>
    <ClCompile Include="DirectWrite.cpp">
      <Filter>소스 파일</Filter>
    </ClCompile>
    <ClCompile Include="Shader.cpp">
      <Filter>소스 파일</Filter>
    </ClCompile>
    <ClCompile Include="Texture.cpp">
      <Filter>소스 파일</Filter>
    </ClCompile>
    <ClCompile Include="Timer.cpp">
      <Filter>소스 파일</Filter>
    </ClCompile>
    <ClCompile Include="TriangleObject.cpp">
      <Filter>소스 파일</Filter>
    </ClCompile>
    <ClCompile Include="wClass.cpp">
      <Filter>소스 파일</Filter>
    </ClCompile>
    <ClCompile Include="Core.cpp">
      <Filter>소스 파일</Filter>
    </ClCompile>
    <ClCompile Include="d3dUtil.cpp">
      <Filter>소스 파일</Filter>
    </ClCompile>
    <ClCompile Include="Device.cpp">
      <Filter>소스 파일</Filter>
    </ClCompile>
    <ClCompile Include="DeviceInfo.cpp">
      <Filter>소스 파일</Filter>
    </ClCompile>
    <ClCompile Include="Sprite.cpp">
      <Filter>소스 파일\Sprite</Filter>
    </ClCompile>
    <ClCompile Include="SpriteMgr.cpp">
      <Filter>소스 파일\Sprite</Filter>
    </ClCompile>
    <ClCompile Include="Object.cpp">
      <Filter>소스 파일\Object</Filter>
    </ClCompile>
    <ClCompile Include="Player.cpp">
      <Filter>소스 파일\Object\CharacterObject</Filter>
    </ClCompile>
    <ClCompile Include="State.cpp">
      <Filter>소스 파일\State</Filter>
    </ClCompile>
    <ClCompile Include="PlayerBasicState.cpp">
      <Filter>소스 파일\State</Filter>
    </ClCompile>
    <ClCompile Include="CharacterObject.cpp">
      <Filter>소스 파일\Object\CharacterObject</Filter>
    </ClCompile>
    <ClCompile Include="PlaneObject.cpp">
      <Filter>소스 파일\Object</Filter>
    </ClCompile>
    <ClCompile Include="PlayerAttack.cpp">
      <Filter>소스 파일\State</Filter>
    </ClCompile>
    <ClCompile Include="FinateStateMachine.cpp">
      <Filter>소스 파일\FSM</Filter>
    </ClCompile>
    <ClCompile Include="FSMMgr.cpp">
      <Filter>소스 파일\FSM</Filter>
    </ClCompile>
    <ClCompile Include="EffectObj.cpp">
      <Filter>소스 파일\Object\EffectObj</Filter>
    </ClCompile>
    <ClCompile Include="KahoAttack.cpp">
      <Filter>소스 파일\Object\EffectObj</Filter>
    </ClCompile>
    <ClCompile Include="mSound.cpp">
      <Filter>소스 파일</Filter>
    </ClCompile>
    <ClCompile Include="TerrainObject.cpp">
      <Filter>소스 파일\Object</Filter>
    </ClCompile>
  </ItemGroup>
  <ItemGroup>
    <Text Include="VertexShader.txt" />
  </ItemGroup>
</Project>