<?xml version="1.0" encoding="utf-8"?>
<Project ToolsVersion="4.0" xmlns="http://schemas.microsoft.com/developer/msbuild/2003">
  <ItemGroup>
    <Filter Include="소스 파일">
      <UniqueIdentifier>{4FC737F1-C7A5-4376-A066-2A32D752A2FF}</UniqueIdentifier>
      <Extensions>cpp;c;cc;cxx;def;odl;idl;hpj;bat;asm;asmx</Extensions>
    </Filter>
    <Filter Include="헤더 파일">
      <UniqueIdentifier>{93995380-89BD-4b04-88EB-625FBE52EBFB}</UniqueIdentifier>
      <Extensions>h;hh;hpp;hxx;hm;inl;inc;ipp;xsd</Extensions>
    </Filter>
    <Filter Include="리소스 파일">
      <UniqueIdentifier>{67DA6AB6-F800-4c08-8B7A-83BB121AAD01}</UniqueIdentifier>
      <Extensions>rc;ico;cur;bmp;dlg;rc2;rct;bin;rgs;gif;jpg;jpeg;jpe;resx;tiff;tif;png;wav;mfcribbon-ms</Extensions>
    </Filter>
    <Filter Include="Common">
      <UniqueIdentifier>{fa1e5896-9614-4781-a968-c3f57578d1cd}</UniqueIdentifier>
    </Filter>
    <Filter Include="Common\Header">
      <UniqueIdentifier>{3f87b086-f2cc-486e-b66d-b3bdc2013247}</UniqueIdentifier>
    </Filter>
    <Filter Include="Common\Source">
      <UniqueIdentifier>{ba4fd8dc-d301-43d2-bad4-db2a0c2c7082}</UniqueIdentifier>
    </Filter>
  </ItemGroup>
  <ItemGroup>
    <ClCompile Include="dllmain.cpp">
      <Filter>소스 파일</Filter>
    </ClCompile>
    <ClCompile Include="Exporter.cpp">
      <Filter>소스 파일</Filter>
    </ClCompile>
    <ClCompile Include="..\..\MaxSDK\Common\ClipWriter.cpp">
      <Filter>Common\Source</Filter>
    </ClCompile>
    <ClCompile Include="..\..\MaxSDK\Common\AnimationExporter.cpp">
      <Filter>Common\Source</Filter>
    </ClCompile>
    <ClCompile Include="..\..\MaxSDK\Common\ClipExporter.cpp">
      <Filter>Common\Source</Filter>
    </ClCompile>
    <ClCompile Include="..\..\MaxSDK\Common\ClipBinary.cpp">
      <Filter>Common\Source</Filter>
    </ClCompile>
  </ItemGroup>
  <ItemGroup>
    <ClInclude Include="Exporter.h">
      <Filter>헤더 파일</Filter>
    </ClInclude>
    <ClInclude Include="..\..\MaxSDK\Common\AnimationExporter.h">
      <Filter>Common\Header</Filter>
    </ClInclude>
    <ClInclude Include="..\..\MaxSDK\Common\ClipExporter.h">
      <Filter>Common\Header</Filter>
    </ClInclude>
    <ClInclude Include="..\..\MaxSDK\Common\ClipWriter.h">
      <Filter>Common\Header</Filter>
    </ClInclude>
    <ClInclude Include="..\..\MaxSDK\Common\Header.h">
      <Filter>Common\Header</Filter>
    </ClInclude>
    <ClInclude Include="..\..\MaxSDK\Common\ClipBinary.h">
      <Filter>Common\Header</Filter>
    </ClInclude>
  </ItemGroup>
  <ItemGroup>
    <None Include="Source.def">
      <Filter>소스 파일</Filter>
    </None>
  </ItemGroup>
</Project>