<?xml version="1.0" encoding="utf-8"?>
<Project ToolsVersion="4.0" xmlns="http://schemas.microsoft.com/developer/msbuild/2003">
  <ItemGroup>
    <Filter Include="소스 파일">
      <UniqueIdentifier>{4FC737F1-C7A5-4376-A066-2A32D752A2FF}</UniqueIdentifier>
      <Extensions>cpp;c;cc;cxx;def;odl;idl;hpj;bat;asm;asmx</Extensions>
    </Filter>
    <Filter Include="헤더 파일">
      <UniqueIdentifier>{93995380-89BD-4b04-88EB-625FBE52EBFB}</UniqueIdentifier>
      <Extensions>h;hh;hpp;hxx;hm;inl;inc;ipp;xsd</Extensions>
    </Filter>
    <Filter Include="리소스 파일">
      <UniqueIdentifier>{67DA6AB6-F800-4c08-8B7A-83BB121AAD01}</UniqueIdentifier>
      <Extensions>rc;ico;cur;bmp;dlg;rc2;rct;bin;rgs;gif;jpg;jpeg;jpe;resx;tiff;tif;png;wav;mfcribbon-ms</Extensions>
    </Filter>
    <Filter Include="Common">
      <UniqueIdentifier>{22d721d8-64a9-43ca-a476-6f0f82418cab}</UniqueIdentifier>
    </Filter>
    <Filter Include="Common\Header">
      <UniqueIdentifier>{28ab9857-8fec-4012-82e4-0607856ed50f}</UniqueIdentifier>
    </Filter>
    <Filter Include="Common\Source">
      <UniqueIdentifier>{4750ca85-3e0e-4218-b1eb-6e3bd2463066}</UniqueIdentifier>
    </Filter>
    <Filter Include="Common\Don%27t Use">
      <UniqueIdentifier>{d9e7dfc3-fdd4-4c76-91fd-b0df83767318}</UniqueIdentifier>
    </Filter>
  </ItemGroup>
  <ItemGroup>
    <ClCompile Include="dllmain.cpp">
      <Filter>소스 파일</Filter>
    </ClCompile>
    <ClCompile Include="Exporter.cpp">
      <Filter>소스 파일</Filter>
    </ClCompile>
    <ClCompile Include="..\..\MaxSDK\Common\BaseExporter.cpp">
      <Filter>Common\Source</Filter>
    </ClCompile>
    <ClCompile Include="..\..\MaxSDK\Common\NodesLoader.cpp">
      <Filter>Common\Source</Filter>
    </ClCompile>
    <ClCompile Include="..\..\MaxSDK\Common\Writer.cpp">
      <Filter>Common\Source</Filter>
    </ClCompile>
    <ClCompile Include="..\..\MaxSDK\Common\ZXCWriter.cpp">
      <Filter>Common\Don%27t Use</Filter>
    </ClCompile>
  </ItemGroup>
  <ItemGroup>
    <ClInclude Include="Exporter.h">
      <Filter>헤더 파일</Filter>
    </ClInclude>
    <ClInclude Include="..\..\MaxSDK\Common\BaseExporter.h">
      <Filter>Common\Header</Filter>
    </ClInclude>
    <ClInclude Include="..\..\MaxSDK\Common\Header.h">
      <Filter>Common\Header</Filter>
    </ClInclude>
    <ClInclude Include="..\..\MaxSDK\Common\NodesLoader.h">
      <Filter>Common\Header</Filter>
    </ClInclude>
    <ClInclude Include="..\..\MaxSDK\Common\ZXCWriter.h">
      <Filter>Common\Don%27t Use</Filter>
    </ClInclude>
    <ClInclude Include="..\..\MaxSDK\Common\Writer.h">
      <Filter>Common\Header</Filter>
    </ClInclude>
    <ClInclude Include="..\..\MaxSDK\Common\BinWriter.h">
      <Filter>헤더 파일</Filter>
    </ClInclude>
  </ItemGroup>
  <ItemGroup>
    <None Include="Source.def" />
  </ItemGroup>
</Project>