<?xml version="1.0" encoding="utf-8"?>
<Project ToolsVersion="4.0" xmlns="http://schemas.microsoft.com/developer/msbuild/2003">
  <ItemGroup>
    <Filter Include="소스 파일">
      <UniqueIdentifier>{4FC737F1-C7A5-4376-A066-2A32D752A2FF}</UniqueIdentifier>
      <Extensions>cpp;c;cc;cxx;def;odl;idl;hpj;bat;asm;asmx</Extensions>
    </Filter>
    <Filter Include="헤더 파일">
      <UniqueIdentifier>{93995380-89BD-4b04-88EB-625FBE52EBFB}</UniqueIdentifier>
      <Extensions>h;hh;hpp;hxx;hm;inl;inc;ipp;xsd</Extensions>
    </Filter>
    <Filter Include="리소스 파일">
      <UniqueIdentifier>{67DA6AB6-F800-4c08-8B7A-83BB121AAD01}</UniqueIdentifier>
      <Extensions>rc;ico;cur;bmp;dlg;rc2;rct;bin;rgs;gif;jpg;jpeg;jpe;resx;tiff;tif;png;wav;mfcribbon-ms</Extensions>
    </Filter>
    <Filter Include="Common">
      <UniqueIdentifier>{4eb8c8f3-35b5-4c9f-92ef-e337962d7d0c}</UniqueIdentifier>
    </Filter>
    <Filter Include="Common\Source">
      <UniqueIdentifier>{ecb94fb0-daaf-4161-9e5a-0a752363130c}</UniqueIdentifier>
    </Filter>
    <Filter Include="Common\Header">
      <UniqueIdentifier>{8e90ac2e-7fc7-4cbd-ba9d-9b246fb3849c}</UniqueIdentifier>
    </Filter>
    <Filter Include="Common\Don%27t Use">
      <UniqueIdentifier>{4945beb2-0c37-4b5f-b8b2-70d74d692fa2}</UniqueIdentifier>
    </Filter>
  </ItemGroup>
  <ItemGroup>
    <ClCompile Include="..\..\MaxSDK\Common\BaseExporter.cpp">
      <Filter>Common\Source</Filter>
    </ClCompile>
    <ClCompile Include="..\..\MaxSDK\Common\NodesLoader.cpp">
      <Filter>Common\Source</Filter>
    </ClCompile>
    <ClCompile Include="..\..\MaxSDK\Common\Writer.cpp">
      <Filter>Common\Source</Filter>
    </ClCompile>
    <ClCompile Include="dllmain.cpp">
      <Filter>소스 파일</Filter>
    </ClCompile>
    <ClCompile Include="Exporter.cpp">
      <Filter>소스 파일</Filter>
    </ClCompile>
    <ClCompile Include="..\..\MaxSDK\Common\ZXCWriter.cpp">
      <Filter>Common\Source</Filter>
    </ClCompile>
    <ClCompile Include="..\..\MaxSDK\Common\BinWriter.cpp">
      <Filter>Common\Don%27t Use</Filter>
    </ClCompile>
  </ItemGroup>
  <ItemGroup>
    <ClInclude Include="..\..\MaxSDK\Common\BaseExporter.h">
      <Filter>Common\Header</Filter>
    </ClInclude>
    <ClInclude Include="..\..\MaxSDK\Common\Header.h">
      <Filter>Common\Header</Filter>
    </ClInclude>
    <ClInclude Include="..\..\MaxSDK\Common\NodesLoader.h">
      <Filter>Common\Header</Filter>
    </ClInclude>
    <ClInclude Include="..\..\MaxSDK\Common\Writer.h">
      <Filter>Common\Header</Filter>
    </ClInclude>
    <ClInclude Include="Exporter.h">
      <Filter>헤더 파일</Filter>
    </ClInclude>
    <ClInclude Include="..\..\MaxSDK\Common\ZXCWriter.h">
      <Filter>Common\Header</Filter>
    </ClInclude>
    <ClInclude Include="..\..\MaxSDK\Common\BinWriter.h">
      <Filter>Common\Don%27t Use</Filter>
    </ClInclude>
  </ItemGroup>
  <ItemGroup>
    <None Include="Source.def" />
  </ItemGroup>
</Project>