
Microsoft Visual Studio Solution File, Format Version 12.00
# Visual Studio 15
VisualStudioVersion = 15.0.27703.2026
MinimumVisualStudioVersion = 10.0.40219.1
Project("{8BC9CEB8-8B4A-11D0-8D11-00A0C91BC942}") = "01_CreateDevice", "CreateDevice\CreateDevice.vcxproj", "{89D2C923-1A4D-492B-AFC7-ECB3285886A0}"
EndProject
Project("{8BC9CEB8-8B4A-11D0-8D11-00A0C91BC942}") = "02_CreateDevice_01", "CreateDevice_01\CreateDevice_01.vcxproj", "{3BD9217B-3448-4C2B-942A-EF9D8EF1223E}"
EndProject
Project("{2150E333-8FDC-42A3-9474-1A3956D46DE8}") = "Part_01_Device", "Part_01_Device", "{B71256EA-C706-4E66-94B1-7AFEB3B672D6}"
EndProject
Project("{8BC9CEB8-8B4A-11D0-8D11-00A0C91BC942}") = "03_LibraryTest", "LibraryTest\LibraryTest.vcxproj", "{46039742-D204-459C-9442-914DFD41E281}"
	ProjectSection(ProjectDependencies) = postProject
		{4FB27D98-79F5-40DA-B3F4-F6204C530C74} = {4FB27D98-79F5-40DA-B3F4-F6204C530C74}
	EndProjectSection
EndProject
Project("{8BC9CEB8-8B4A-11D0-8D11-00A0C91BC942}") = "04_DXGI", "DXGI\DXGI.vcxproj", "{2D0B76AB-F9EB-4DA3-938E-319CD3690747}"
	ProjectSection(ProjectDependencies) = postProject
		{4FB27D98-79F5-40DA-B3F4-F6204C530C74} = {4FB27D98-79F5-40DA-B3F4-F6204C530C74}
	EndProjectSection
EndProject
Project("{8BC9CEB8-8B4A-11D0-8D11-00A0C91BC942}") = "05_FullScreenDevice", "FullScreenDevice\FullScreenDevice.vcxproj", "{1B14A1A9-397D-4327-8967-32E15A12EF95}"
	ProjectSection(ProjectDependencies) = postProject
		{4FB27D98-79F5-40DA-B3F4-F6204C530C74} = {4FB27D98-79F5-40DA-B3F4-F6204C530C74}
	EndProjectSection
EndProject
Project("{8BC9CEB8-8B4A-11D0-8D11-00A0C91BC942}") = "06_Timer", "Timer\Timer.vcxproj", "{080B7CD2-BF21-4822-AFD4-D56DF7B07CE4}"
EndProject
Project("{8BC9CEB8-8B4A-11D0-8D11-00A0C91BC942}") = "07_DirectWrite", "DirectWrite\DirectWrite.vcxproj", "{EAE62064-E65F-4747-9843-0055775556AF}"
	ProjectSection(ProjectDependencies) = postProject
		{4FB27D98-79F5-40DA-B3F4-F6204C530C74} = {4FB27D98-79F5-40DA-B3F4-F6204C530C74}
	EndProjectSection
EndProject
Project("{8BC9CEB8-8B4A-11D0-8D11-00A0C91BC942}") = "08_DirectInput", "DirectInput\DirectInput.vcxproj", "{9ACF88BE-8FCF-4BDA-8429-38DB7C7A4568}"
	ProjectSection(ProjectDependencies) = postProject
		{4FB27D98-79F5-40DA-B3F4-F6204C530C74} = {4FB27D98-79F5-40DA-B3F4-F6204C530C74}
	EndProjectSection
EndProject
Project("{8BC9CEB8-8B4A-11D0-8D11-00A0C91BC942}") = "09_Review", "Review\Review.vcxproj", "{12EAE4C8-3CF1-4AEF-A57B-DDBB505B27DF}"
EndProject
Project("{2150E333-8FDC-42A3-9474-1A3956D46DE8}") = "Part_02_Buffer", "Part_02_Buffer", "{01C5932A-B7C8-43A1-80EB-9A498B13B5D4}"
EndProject
Project("{8BC9CEB8-8B4A-11D0-8D11-00A0C91BC942}") = "01_VertexBuffer", "VertexBuffer\VertexBuffer.vcxproj", "{EE4F00D2-95F6-41AB-AD18-CCEA88E01BC3}"
	ProjectSection(ProjectDependencies) = postProject
		{AD497FC2-4D51-478F-A83D-53FA9E8A1379} = {AD497FC2-4D51-478F-A83D-53FA9E8A1379}
	EndProjectSection
EndProject
Project("{8BC9CEB8-8B4A-11D0-8D11-00A0C91BC942}") = "02_IndexBuffer", "IndexBuffer\IndexBuffer.vcxproj", "{E9C13E32-1CAB-4307-9A42-C88A3328B2CA}"
EndProject
Project("{8BC9CEB8-8B4A-11D0-8D11-00A0C91BC942}") = "03_ConstantBuffer", "ConstantBuffer\ConstantBuffer.vcxproj", "{3F8B9C73-176F-465C-9603-5C4797ED93B6}"
	ProjectSection(ProjectDependencies) = postProject
		{AD497FC2-4D51-478F-A83D-53FA9E8A1379} = {AD497FC2-4D51-478F-A83D-53FA9E8A1379}
	EndProjectSection
EndProject
Project("{2150E333-8FDC-42A3-9474-1A3956D46DE8}") = "Part_03_Texture", "Part_03_Texture", "{1AC37112-62C5-4C10-82C0-3073121E4F23}"
EndProject
Project("{8BC9CEB8-8B4A-11D0-8D11-00A0C91BC942}") = "01_Texture", "Texture\Texture.vcxproj", "{7CC155D0-C559-4DF8-8476-D41616BF631C}"
EndProject
Project("{2150E333-8FDC-42A3-9474-1A3956D46DE8}") = "Part_06_Blend", "Part_06_Blend", "{637CD307-CA7F-4B00-A974-BA8B99340C7B}"
EndProject
Project("{8BC9CEB8-8B4A-11D0-8D11-00A0C91BC942}") = "01_AlphaBlend", "AlphaBlend\AlphaBlend.vcxproj", "{599B3FDF-F2EF-4092-82D7-02F3ED678457}"
	ProjectSection(ProjectDependencies) = postProject
		{AD497FC2-4D51-478F-A83D-53FA9E8A1379} = {AD497FC2-4D51-478F-A83D-53FA9E8A1379}
	EndProjectSection
EndProject
Project("{8BC9CEB8-8B4A-11D0-8D11-00A0C91BC942}") = "02_Review_02", "Review_02\Review_02.vcxproj", "{1CD3E90F-8C57-4770-827E-2D0FC9C8779F}"
EndProject
Project("{2150E333-8FDC-42A3-9474-1A3956D46DE8}") = "DXConverting", "DXConverting", "{C343D625-4127-42A5-A442-C52031F3BEC6}"
EndProject
Project("{8BC9CEB8-8B4A-11D0-8D11-00A0C91BC942}") = "MomodoraLibrary", "MomodoraLibrary\MomodoraLibrary.vcxproj", "{4E9BC1C4-9136-4CC5-89CD-32B63A6B9FC0}"
EndProject
Project("{8BC9CEB8-8B4A-11D0-8D11-00A0C91BC942}") = "Momodora", "Scene_01\Scene_01.vcxproj", "{05755E14-6896-45BD-8862-41EE93E3C948}"
EndProject
Project("{8BC9CEB8-8B4A-11D0-8D11-00A0C91BC942}") = "Dx_Library", "Dx_Library\Dx_Library.vcxproj", "{0E5A2B96-733D-48D0-9710-9A9485EC9ED5}"
EndProject
Project("{8BC9CEB8-8B4A-11D0-8D11-00A0C91BC942}") = "Dx_Momodora", "Dx_Momodora\Dx_Momodora.vcxproj", "{0D1697E9-0544-4252-87AE-A96994534C06}"
EndProject
Project("{8BC9CEB8-8B4A-11D0-8D11-00A0C91BC942}") = "02_Rasterizer", "Rasterizer\Rasterizer.vcxproj", "{28CAEF84-6059-419D-B7D8-AC0872E922B9}"
	ProjectSection(ProjectDependencies) = postProject
		{A5593222-23DA-4FBF-A14D-2DE02300A2A9} = {A5593222-23DA-4FBF-A14D-2DE02300A2A9}
	EndProjectSection
EndProject
Project("{2150E333-8FDC-42A3-9474-1A3956D46DE8}") = "Part_0X_UI", "Part_0X_UI", "{7E76B665-03E3-45C5-AE7D-91CA81C1767F}"
EndProject
Project("{8BC9CEB8-8B4A-11D0-8D11-00A0C91BC942}") = "3DCore_3", "3DCore_3\3DCore_3.vcxproj", "{A5593222-23DA-4FBF-A14D-2DE02300A2A9}"
EndProject
Project("{8BC9CEB8-8B4A-11D0-8D11-00A0C91BC942}") = "3DCore_2", "3DCore_2\3DCore_2.vcxproj", "{AD497FC2-4D51-478F-A83D-53FA9E8A1379}"
EndProject
Project("{8BC9CEB8-8B4A-11D0-8D11-00A0C91BC942}") = "3DCore", "3DCore\3DCore.vcxproj", "{4FB27D98-79F5-40DA-B3F4-F6204C530C74}"
EndProject
Project("{8BC9CEB8-8B4A-11D0-8D11-00A0C91BC942}") = "01_ButtonRotation", "ButtonRotation\ButtonRotation.vcxproj", "{C5615E30-54D2-42C2-810F-72EA29BD4A7E}"
	ProjectSection(ProjectDependencies) = postProject
		{A5593222-23DA-4FBF-A14D-2DE02300A2A9} = {A5593222-23DA-4FBF-A14D-2DE02300A2A9}
	EndProjectSection
EndProject
Global
	GlobalSection(SolutionConfigurationPlatforms) = preSolution
		Debug|x64 = Debug|x64
		Debug|x86 = Debug|x86
		Release|x64 = Release|x64
		Release|x86 = Release|x86
	EndGlobalSection
	GlobalSection(ProjectConfigurationPlatforms) = postSolution
		{89D2C923-1A4D-492B-AFC7-ECB3285886A0}.Debug|x64.ActiveCfg = Debug|x64
		{89D2C923-1A4D-492B-AFC7-ECB3285886A0}.Debug|x64.Build.0 = Debug|x64
		{89D2C923-1A4D-492B-AFC7-ECB3285886A0}.Debug|x86.ActiveCfg = Debug|Win32
		{89D2C923-1A4D-492B-AFC7-ECB3285886A0}.Debug|x86.Build.0 = Debug|Win32
		{89D2C923-1A4D-492B-AFC7-ECB3285886A0}.Release|x64.ActiveCfg = Release|x64
		{89D2C923-1A4D-492B-AFC7-ECB3285886A0}.Release|x64.Build.0 = Release|x64
		{89D2C923-1A4D-492B-AFC7-ECB3285886A0}.Release|x86.ActiveCfg = Release|Win32
		{89D2C923-1A4D-492B-AFC7-ECB3285886A0}.Release|x86.Build.0 = Release|Win32
		{3BD9217B-3448-4C2B-942A-EF9D8EF1223E}.Debug|x64.ActiveCfg = Debug|x64
		{3BD9217B-3448-4C2B-942A-EF9D8EF1223E}.Debug|x64.Build.0 = Debug|x64
		{3BD9217B-3448-4C2B-942A-EF9D8EF1223E}.Debug|x86.ActiveCfg = Debug|Win32
		{3BD9217B-3448-4C2B-942A-EF9D8EF1223E}.Debug|x86.Build.0 = Debug|Win32
		{3BD9217B-3448-4C2B-942A-EF9D8EF1223E}.Release|x64.ActiveCfg = Release|x64
		{3BD9217B-3448-4C2B-942A-EF9D8EF1223E}.Release|x64.Build.0 = Release|x64
		{3BD9217B-3448-4C2B-942A-EF9D8EF1223E}.Release|x86.ActiveCfg = Release|Win32
		{3BD9217B-3448-4C2B-942A-EF9D8EF1223E}.Release|x86.Build.0 = Release|Win32
		{46039742-D204-459C-9442-914DFD41E281}.Debug|x64.ActiveCfg = Debug|x64
		{46039742-D204-459C-9442-914DFD41E281}.Debug|x64.Build.0 = Debug|x64
		{46039742-D204-459C-9442-914DFD41E281}.Debug|x86.ActiveCfg = Debug|Win32
		{46039742-D204-459C-9442-914DFD41E281}.Debug|x86.Build.0 = Debug|Win32
		{46039742-D204-459C-9442-914DFD41E281}.Release|x64.ActiveCfg = Release|x64
		{46039742-D204-459C-9442-914DFD41E281}.Release|x64.Build.0 = Release|x64
		{46039742-D204-459C-9442-914DFD41E281}.Release|x86.ActiveCfg = Release|Win32
		{46039742-D204-459C-9442-914DFD41E281}.Release|x86.Build.0 = Release|Win32
		{2D0B76AB-F9EB-4DA3-938E-319CD3690747}.Debug|x64.ActiveCfg = Debug|x64
		{2D0B76AB-F9EB-4DA3-938E-319CD3690747}.Debug|x64.Build.0 = Debug|x64
		{2D0B76AB-F9EB-4DA3-938E-319CD3690747}.Debug|x86.ActiveCfg = Debug|Win32
		{2D0B76AB-F9EB-4DA3-938E-319CD3690747}.Debug|x86.Build.0 = Debug|Win32
		{2D0B76AB-F9EB-4DA3-938E-319CD3690747}.Release|x64.ActiveCfg = Release|x64
		{2D0B76AB-F9EB-4DA3-938E-319CD3690747}.Release|x64.Build.0 = Release|x64
		{2D0B76AB-F9EB-4DA3-938E-319CD3690747}.Release|x86.ActiveCfg = Release|Win32
		{2D0B76AB-F9EB-4DA3-938E-319CD3690747}.Release|x86.Build.0 = Release|Win32
		{1B14A1A9-397D-4327-8967-32E15A12EF95}.Debug|x64.ActiveCfg = Debug|x64
		{1B14A1A9-397D-4327-8967-32E15A12EF95}.Debug|x64.Build.0 = Debug|x64
		{1B14A1A9-397D-4327-8967-32E15A12EF95}.Debug|x86.ActiveCfg = Debug|Win32
		{1B14A1A9-397D-4327-8967-32E15A12EF95}.Debug|x86.Build.0 = Debug|Win32
		{1B14A1A9-397D-4327-8967-32E15A12EF95}.Release|x64.ActiveCfg = Release|x64
		{1B14A1A9-397D-4327-8967-32E15A12EF95}.Release|x64.Build.0 = Release|x64
		{1B14A1A9-397D-4327-8967-32E15A12EF95}.Release|x86.ActiveCfg = Release|Win32
		{1B14A1A9-397D-4327-8967-32E15A12EF95}.Release|x86.Build.0 = Release|Win32
		{080B7CD2-BF21-4822-AFD4-D56DF7B07CE4}.Debug|x64.ActiveCfg = Debug|x64
		{080B7CD2-BF21-4822-AFD4-D56DF7B07CE4}.Debug|x64.Build.0 = Debug|x64
		{080B7CD2-BF21-4822-AFD4-D56DF7B07CE4}.Debug|x86.ActiveCfg = Debug|Win32
		{080B7CD2-BF21-4822-AFD4-D56DF7B07CE4}.Debug|x86.Build.0 = Debug|Win32
		{080B7CD2-BF21-4822-AFD4-D56DF7B07CE4}.Release|x64.ActiveCfg = Release|x64
		{080B7CD2-BF21-4822-AFD4-D56DF7B07CE4}.Release|x64.Build.0 = Release|x64
		{080B7CD2-BF21-4822-AFD4-D56DF7B07CE4}.Release|x86.ActiveCfg = Release|Win32
		{080B7CD2-BF21-4822-AFD4-D56DF7B07CE4}.Release|x86.Build.0 = Release|Win32
		{EAE62064-E65F-4747-9843-0055775556AF}.Debug|x64.ActiveCfg = Debug|x64
		{EAE62064-E65F-4747-9843-0055775556AF}.Debug|x64.Build.0 = Debug|x64
		{EAE62064-E65F-4747-9843-0055775556AF}.Debug|x86.ActiveCfg = Debug|Win32
		{EAE62064-E65F-4747-9843-0055775556AF}.Debug|x86.Build.0 = Debug|Win32
		{EAE62064-E65F-4747-9843-0055775556AF}.Release|x64.ActiveCfg = Release|x64
		{EAE62064-E65F-4747-9843-0055775556AF}.Release|x64.Build.0 = Release|x64
		{EAE62064-E65F-4747-9843-0055775556AF}.Release|x86.ActiveCfg = Release|Win32
		{EAE62064-E65F-4747-9843-0055775556AF}.Release|x86.Build.0 = Release|Win32
		{9ACF88BE-8FCF-4BDA-8429-38DB7C7A4568}.Debug|x64.ActiveCfg = Debug|x64
		{9ACF88BE-8FCF-4BDA-8429-38DB7C7A4568}.Debug|x64.Build.0 = Debug|x64
		{9ACF88BE-8FCF-4BDA-8429-38DB7C7A4568}.Debug|x86.ActiveCfg = Debug|Win32
		{9ACF88BE-8FCF-4BDA-8429-38DB7C7A4568}.Debug|x86.Build.0 = Debug|Win32
		{9ACF88BE-8FCF-4BDA-8429-38DB7C7A4568}.Release|x64.ActiveCfg = Release|x64
		{9ACF88BE-8FCF-4BDA-8429-38DB7C7A4568}.Release|x64.Build.0 = Release|x64
		{9ACF88BE-8FCF-4BDA-8429-38DB7C7A4568}.Release|x86.ActiveCfg = Release|Win32
		{9ACF88BE-8FCF-4BDA-8429-38DB7C7A4568}.Release|x86.Build.0 = Release|Win32
		{12EAE4C8-3CF1-4AEF-A57B-DDBB505B27DF}.Debug|x64.ActiveCfg = Debug|x64
		{12EAE4C8-3CF1-4AEF-A57B-DDBB505B27DF}.Debug|x64.Build.0 = Debug|x64
		{12EAE4C8-3CF1-4AEF-A57B-DDBB505B27DF}.Debug|x86.ActiveCfg = Debug|Win32
		{12EAE4C8-3CF1-4AEF-A57B-DDBB505B27DF}.Debug|x86.Build.0 = Debug|Win32
		{12EAE4C8-3CF1-4AEF-A57B-DDBB505B27DF}.Release|x64.ActiveCfg = Release|x64
		{12EAE4C8-3CF1-4AEF-A57B-DDBB505B27DF}.Release|x64.Build.0 = Release|x64
		{12EAE4C8-3CF1-4AEF-A57B-DDBB505B27DF}.Release|x86.ActiveCfg = Release|Win32
		{12EAE4C8-3CF1-4AEF-A57B-DDBB505B27DF}.Release|x86.Build.0 = Release|Win32
		{EE4F00D2-95F6-41AB-AD18-CCEA88E01BC3}.Debug|x64.ActiveCfg = Debug|x64
		{EE4F00D2-95F6-41AB-AD18-CCEA88E01BC3}.Debug|x64.Build.0 = Debug|x64
		{EE4F00D2-95F6-41AB-AD18-CCEA88E01BC3}.Debug|x86.ActiveCfg = Debug|Win32
		{EE4F00D2-95F6-41AB-AD18-CCEA88E01BC3}.Debug|x86.Build.0 = Debug|Win32
		{EE4F00D2-95F6-41AB-AD18-CCEA88E01BC3}.Release|x64.ActiveCfg = Release|x64
		{EE4F00D2-95F6-41AB-AD18-CCEA88E01BC3}.Release|x64.Build.0 = Release|x64
		{EE4F00D2-95F6-41AB-AD18-CCEA88E01BC3}.Release|x86.ActiveCfg = Release|Win32
		{EE4F00D2-95F6-41AB-AD18-CCEA88E01BC3}.Release|x86.Build.0 = Release|Win32
		{E9C13E32-1CAB-4307-9A42-C88A3328B2CA}.Debug|x64.ActiveCfg = Debug|x64
		{E9C13E32-1CAB-4307-9A42-C88A3328B2CA}.Debug|x64.Build.0 = Debug|x64
		{E9C13E32-1CAB-4307-9A42-C88A3328B2CA}.Debug|x86.ActiveCfg = Debug|Win32
		{E9C13E32-1CAB-4307-9A42-C88A3328B2CA}.Debug|x86.Build.0 = Debug|Win32
		{E9C13E32-1CAB-4307-9A42-C88A3328B2CA}.Release|x64.ActiveCfg = Release|x64
		{E9C13E32-1CAB-4307-9A42-C88A3328B2CA}.Release|x64.Build.0 = Release|x64
		{E9C13E32-1CAB-4307-9A42-C88A3328B2CA}.Release|x86.ActiveCfg = Release|Win32
		{E9C13E32-1CAB-4307-9A42-C88A3328B2CA}.Release|x86.Build.0 = Release|Win32
		{3F8B9C73-176F-465C-9603-5C4797ED93B6}.Debug|x64.ActiveCfg = Debug|x64
		{3F8B9C73-176F-465C-9603-5C4797ED93B6}.Debug|x64.Build.0 = Debug|x64
		{3F8B9C73-176F-465C-9603-5C4797ED93B6}.Debug|x86.ActiveCfg = Debug|Win32
		{3F8B9C73-176F-465C-9603-5C4797ED93B6}.Debug|x86.Build.0 = Debug|Win32
		{3F8B9C73-176F-465C-9603-5C4797ED93B6}.Release|x64.ActiveCfg = Release|x64
		{3F8B9C73-176F-465C-9603-5C4797ED93B6}.Release|x64.Build.0 = Release|x64
		{3F8B9C73-176F-465C-9603-5C4797ED93B6}.Release|x86.ActiveCfg = Release|Win32
		{3F8B9C73-176F-465C-9603-5C4797ED93B6}.Release|x86.Build.0 = Release|Win32
		{7CC155D0-C559-4DF8-8476-D41616BF631C}.Debug|x64.ActiveCfg = Debug|x64
		{7CC155D0-C559-4DF8-8476-D41616BF631C}.Debug|x64.Build.0 = Debug|x64
		{7CC155D0-C559-4DF8-8476-D41616BF631C}.Debug|x86.ActiveCfg = Debug|Win32
		{7CC155D0-C559-4DF8-8476-D41616BF631C}.Debug|x86.Build.0 = Debug|Win32
		{7CC155D0-C559-4DF8-8476-D41616BF631C}.Release|x64.ActiveCfg = Release|x64
		{7CC155D0-C559-4DF8-8476-D41616BF631C}.Release|x64.Build.0 = Release|x64
		{7CC155D0-C559-4DF8-8476-D41616BF631C}.Release|x86.ActiveCfg = Release|Win32
		{7CC155D0-C559-4DF8-8476-D41616BF631C}.Release|x86.Build.0 = Release|Win32
		{599B3FDF-F2EF-4092-82D7-02F3ED678457}.Debug|x64.ActiveCfg = Debug|x64
		{599B3FDF-F2EF-4092-82D7-02F3ED678457}.Debug|x64.Build.0 = Debug|x64
		{599B3FDF-F2EF-4092-82D7-02F3ED678457}.Debug|x86.ActiveCfg = Debug|Win32
		{599B3FDF-F2EF-4092-82D7-02F3ED678457}.Debug|x86.Build.0 = Debug|Win32
		{599B3FDF-F2EF-4092-82D7-02F3ED678457}.Release|x64.ActiveCfg = Release|x64
		{599B3FDF-F2EF-4092-82D7-02F3ED678457}.Release|x64.Build.0 = Release|x64
		{599B3FDF-F2EF-4092-82D7-02F3ED678457}.Release|x86.ActiveCfg = Release|Win32
		{599B3FDF-F2EF-4092-82D7-02F3ED678457}.Release|x86.Build.0 = Release|Win32
		{1CD3E90F-8C57-4770-827E-2D0FC9C8779F}.Debug|x64.ActiveCfg = Debug|x64
		{1CD3E90F-8C57-4770-827E-2D0FC9C8779F}.Debug|x64.Build.0 = Debug|x64
		{1CD3E90F-8C57-4770-827E-2D0FC9C8779F}.Debug|x86.ActiveCfg = Debug|Win32
		{1CD3E90F-8C57-4770-827E-2D0FC9C8779F}.Debug|x86.Build.0 = Debug|Win32
		{1CD3E90F-8C57-4770-827E-2D0FC9C8779F}.Release|x64.ActiveCfg = Release|x64
		{1CD3E90F-8C57-4770-827E-2D0FC9C8779F}.Release|x64.Build.0 = Release|x64
		{1CD3E90F-8C57-4770-827E-2D0FC9C8779F}.Release|x86.ActiveCfg = Release|Win32
		{1CD3E90F-8C57-4770-827E-2D0FC9C8779F}.Release|x86.Build.0 = Release|Win32
		{4E9BC1C4-9136-4CC5-89CD-32B63A6B9FC0}.Debug|x64.ActiveCfg = Debug|x64
		{4E9BC1C4-9136-4CC5-89CD-32B63A6B9FC0}.Debug|x64.Build.0 = Debug|x64
		{4E9BC1C4-9136-4CC5-89CD-32B63A6B9FC0}.Debug|x86.ActiveCfg = Debug|Win32
		{4E9BC1C4-9136-4CC5-89CD-32B63A6B9FC0}.Debug|x86.Build.0 = Debug|Win32
		{4E9BC1C4-9136-4CC5-89CD-32B63A6B9FC0}.Release|x64.ActiveCfg = Release|x64
		{4E9BC1C4-9136-4CC5-89CD-32B63A6B9FC0}.Release|x64.Build.0 = Release|x64
		{4E9BC1C4-9136-4CC5-89CD-32B63A6B9FC0}.Release|x86.ActiveCfg = Release|Win32
		{4E9BC1C4-9136-4CC5-89CD-32B63A6B9FC0}.Release|x86.Build.0 = Release|Win32
		{05755E14-6896-45BD-8862-41EE93E3C948}.Debug|x64.ActiveCfg = Debug|x64
		{05755E14-6896-45BD-8862-41EE93E3C948}.Debug|x64.Build.0 = Debug|x64
		{05755E14-6896-45BD-8862-41EE93E3C948}.Debug|x86.ActiveCfg = Debug|Win32
		{05755E14-6896-45BD-8862-41EE93E3C948}.Debug|x86.Build.0 = Debug|Win32
		{05755E14-6896-45BD-8862-41EE93E3C948}.Release|x64.ActiveCfg = Release|x64
		{05755E14-6896-45BD-8862-41EE93E3C948}.Release|x64.Build.0 = Release|x64
		{05755E14-6896-45BD-8862-41EE93E3C948}.Release|x86.ActiveCfg = Release|Win32
		{05755E14-6896-45BD-8862-41EE93E3C948}.Release|x86.Build.0 = Release|Win32
		{0E5A2B96-733D-48D0-9710-9A9485EC9ED5}.Debug|x64.ActiveCfg = Debug|x64
		{0E5A2B96-733D-48D0-9710-9A9485EC9ED5}.Debug|x64.Build.0 = Debug|x64
		{0E5A2B96-733D-48D0-9710-9A9485EC9ED5}.Debug|x86.ActiveCfg = Debug|Win32
		{0E5A2B96-733D-48D0-9710-9A9485EC9ED5}.Debug|x86.Build.0 = Debug|Win32
		{0E5A2B96-733D-48D0-9710-9A9485EC9ED5}.Release|x64.ActiveCfg = Release|x64
		{0E5A2B96-733D-48D0-9710-9A9485EC9ED5}.Release|x64.Build.0 = Release|x64
		{0E5A2B96-733D-48D0-9710-9A9485EC9ED5}.Release|x86.ActiveCfg = Release|Win32
		{0E5A2B96-733D-48D0-9710-9A9485EC9ED5}.Release|x86.Build.0 = Release|Win32
		{0D1697E9-0544-4252-87AE-A96994534C06}.Debug|x64.ActiveCfg = Debug|x64
		{0D1697E9-0544-4252-87AE-A96994534C06}.Debug|x64.Build.0 = Debug|x64
		{0D1697E9-0544-4252-87AE-A96994534C06}.Debug|x86.ActiveCfg = Debug|Win32
		{0D1697E9-0544-4252-87AE-A96994534C06}.Debug|x86.Build.0 = Debug|Win32
		{0D1697E9-0544-4252-87AE-A96994534C06}.Release|x64.ActiveCfg = Release|x64
		{0D1697E9-0544-4252-87AE-A96994534C06}.Release|x64.Build.0 = Release|x64
		{0D1697E9-0544-4252-87AE-A96994534C06}.Release|x86.ActiveCfg = Release|Win32
		{0D1697E9-0544-4252-87AE-A96994534C06}.Release|x86.Build.0 = Release|Win32
		{28CAEF84-6059-419D-B7D8-AC0872E922B9}.Debug|x64.ActiveCfg = Debug|x64
		{28CAEF84-6059-419D-B7D8-AC0872E922B9}.Debug|x64.Build.0 = Debug|x64
		{28CAEF84-6059-419D-B7D8-AC0872E922B9}.Debug|x86.ActiveCfg = Debug|Win32
		{28CAEF84-6059-419D-B7D8-AC0872E922B9}.Debug|x86.Build.0 = Debug|Win32
		{28CAEF84-6059-419D-B7D8-AC0872E922B9}.Release|x64.ActiveCfg = Release|x64
		{28CAEF84-6059-419D-B7D8-AC0872E922B9}.Release|x64.Build.0 = Release|x64
		{28CAEF84-6059-419D-B7D8-AC0872E922B9}.Release|x86.ActiveCfg = Release|Win32
		{28CAEF84-6059-419D-B7D8-AC0872E922B9}.Release|x86.Build.0 = Release|Win32
		{A5593222-23DA-4FBF-A14D-2DE02300A2A9}.Debug|x64.ActiveCfg = Debug|x64
		{A5593222-23DA-4FBF-A14D-2DE02300A2A9}.Debug|x64.Build.0 = Debug|x64
		{A5593222-23DA-4FBF-A14D-2DE02300A2A9}.Debug|x86.ActiveCfg = Debug|Win32
		{A5593222-23DA-4FBF-A14D-2DE02300A2A9}.Debug|x86.Build.0 = Debug|Win32
		{A5593222-23DA-4FBF-A14D-2DE02300A2A9}.Release|x64.ActiveCfg = Release|x64
		{A5593222-23DA-4FBF-A14D-2DE02300A2A9}.Release|x64.Build.0 = Release|x64
		{A5593222-23DA-4FBF-A14D-2DE02300A2A9}.Release|x86.ActiveCfg = Release|Win32
		{A5593222-23DA-4FBF-A14D-2DE02300A2A9}.Release|x86.Build.0 = Release|Win32
		{AD497FC2-4D51-478F-A83D-53FA9E8A1379}.Debug|x64.ActiveCfg = Debug|x64
		{AD497FC2-4D51-478F-A83D-53FA9E8A1379}.Debug|x64.Build.0 = Debug|x64
		{AD497FC2-4D51-478F-A83D-53FA9E8A1379}.Debug|x86.ActiveCfg = Debug|Win32
		{AD497FC2-4D51-478F-A83D-53FA9E8A1379}.Debug|x86.Build.0 = Debug|Win32
		{AD497FC2-4D51-478F-A83D-53FA9E8A1379}.Release|x64.ActiveCfg = Release|x64
		{AD497FC2-4D51-478F-A83D-53FA9E8A1379}.Release|x64.Build.0 = Release|x64
		{AD497FC2-4D51-478F-A83D-53FA9E8A1379}.Release|x86.ActiveCfg = Release|Win32
		{AD497FC2-4D51-478F-A83D-53FA9E8A1379}.Release|x86.Build.0 = Release|Win32
		{4FB27D98-79F5-40DA-B3F4-F6204C530C74}.Debug|x64.ActiveCfg = Debug|x64
		{4FB27D98-79F5-40DA-B3F4-F6204C530C74}.Debug|x64.Build.0 = Debug|x64
		{4FB27D98-79F5-40DA-B3F4-F6204C530C74}.Debug|x86.ActiveCfg = Debug|Win32
		{4FB27D98-79F5-40DA-B3F4-F6204C530C74}.Debug|x86.Build.0 = Debug|Win32
		{4FB27D98-79F5-40DA-B3F4-F6204C530C74}.Release|x64.ActiveCfg = Release|x64
		{4FB27D98-79F5-40DA-B3F4-F6204C530C74}.Release|x64.Build.0 = Release|x64
		{4FB27D98-79F5-40DA-B3F4-F6204C530C74}.Release|x86.ActiveCfg = Release|Win32
		{4FB27D98-79F5-40DA-B3F4-F6204C530C74}.Release|x86.Build.0 = Release|Win32
		{C5615E30-54D2-42C2-810F-72EA29BD4A7E}.Debug|x64.ActiveCfg = Debug|x64
		{C5615E30-54D2-42C2-810F-72EA29BD4A7E}.Debug|x64.Build.0 = Debug|x64
		{C5615E30-54D2-42C2-810F-72EA29BD4A7E}.Debug|x86.ActiveCfg = Debug|Win32
		{C5615E30-54D2-42C2-810F-72EA29BD4A7E}.Debug|x86.Build.0 = Debug|Win32
		{C5615E30-54D2-42C2-810F-72EA29BD4A7E}.Release|x64.ActiveCfg = Release|x64
		{C5615E30-54D2-42C2-810F-72EA29BD4A7E}.Release|x64.Build.0 = Release|x64
		{C5615E30-54D2-42C2-810F-72EA29BD4A7E}.Release|x86.ActiveCfg = Release|Win32
		{C5615E30-54D2-42C2-810F-72EA29BD4A7E}.Release|x86.Build.0 = Release|Win32
	EndGlobalSection
	GlobalSection(SolutionProperties) = preSolution
		HideSolutionNode = FALSE
	EndGlobalSection
	GlobalSection(NestedProjects) = preSolution
		{89D2C923-1A4D-492B-AFC7-ECB3285886A0} = {B71256EA-C706-4E66-94B1-7AFEB3B672D6}
		{3BD9217B-3448-4C2B-942A-EF9D8EF1223E} = {B71256EA-C706-4E66-94B1-7AFEB3B672D6}
		{46039742-D204-459C-9442-914DFD41E281} = {B71256EA-C706-4E66-94B1-7AFEB3B672D6}
		{2D0B76AB-F9EB-4DA3-938E-319CD3690747} = {B71256EA-C706-4E66-94B1-7AFEB3B672D6}
		{1B14A1A9-397D-4327-8967-32E15A12EF95} = {B71256EA-C706-4E66-94B1-7AFEB3B672D6}
		{080B7CD2-BF21-4822-AFD4-D56DF7B07CE4} = {B71256EA-C706-4E66-94B1-7AFEB3B672D6}
		{EAE62064-E65F-4747-9843-0055775556AF} = {B71256EA-C706-4E66-94B1-7AFEB3B672D6}
		{9ACF88BE-8FCF-4BDA-8429-38DB7C7A4568} = {B71256EA-C706-4E66-94B1-7AFEB3B672D6}
		{12EAE4C8-3CF1-4AEF-A57B-DDBB505B27DF} = {B71256EA-C706-4E66-94B1-7AFEB3B672D6}
		{EE4F00D2-95F6-41AB-AD18-CCEA88E01BC3} = {01C5932A-B7C8-43A1-80EB-9A498B13B5D4}
		{E9C13E32-1CAB-4307-9A42-C88A3328B2CA} = {01C5932A-B7C8-43A1-80EB-9A498B13B5D4}
		{3F8B9C73-176F-465C-9603-5C4797ED93B6} = {01C5932A-B7C8-43A1-80EB-9A498B13B5D4}
		{7CC155D0-C559-4DF8-8476-D41616BF631C} = {1AC37112-62C5-4C10-82C0-3073121E4F23}
		{599B3FDF-F2EF-4092-82D7-02F3ED678457} = {637CD307-CA7F-4B00-A974-BA8B99340C7B}
		{1CD3E90F-8C57-4770-827E-2D0FC9C8779F} = {637CD307-CA7F-4B00-A974-BA8B99340C7B}
		{4E9BC1C4-9136-4CC5-89CD-32B63A6B9FC0} = {C343D625-4127-42A5-A442-C52031F3BEC6}
		{05755E14-6896-45BD-8862-41EE93E3C948} = {C343D625-4127-42A5-A442-C52031F3BEC6}
		{0E5A2B96-733D-48D0-9710-9A9485EC9ED5} = {C343D625-4127-42A5-A442-C52031F3BEC6}
		{0D1697E9-0544-4252-87AE-A96994534C06} = {C343D625-4127-42A5-A442-C52031F3BEC6}
		{28CAEF84-6059-419D-B7D8-AC0872E922B9} = {1AC37112-62C5-4C10-82C0-3073121E4F23}
		{C5615E30-54D2-42C2-810F-72EA29BD4A7E} = {7E76B665-03E3-45C5-AE7D-91CA81C1767F}
	EndGlobalSection
	GlobalSection(ExtensibilityGlobals) = postSolution
		SolutionGuid = {A137998C-AE6B-4842-97D0-A4D045CE1C97}
	EndGlobalSection
EndGlobal
