
Microsoft Visual Studio Solution File, Format Version 12.00
# Visual Studio 15
VisualStudioVersion = 15.0.27703.2026
MinimumVisualStudioVersion = 10.0.40219.1
Project("{8BC9CEB8-8B4A-11D0-8D11-00A0C91BC942}") = "01_CreateDevice", "CreateDevice\CreateDevice.vcxproj", "{89D2C923-1A4D-492B-AFC7-ECB3285886A0}"
EndProject
Project("{8BC9CEB8-8B4A-11D0-8D11-00A0C91BC942}") = "02_CreateDevice_01", "CreateDevice_01\CreateDevice_01.vcxproj", "{3BD9217B-3448-4C2B-942A-EF9D8EF1223E}"
EndProject
Project("{2150E333-8FDC-42A3-9474-1A3956D46DE8}") = "Part_01_Device", "Part_01_Device", "{B71256EA-C706-4E66-94B1-7AFEB3B672D6}"
EndProject
Project("{8BC9CEB8-8B4A-11D0-8D11-00A0C91BC942}") = "03_LibraryTest", "LibraryTest\LibraryTest.vcxproj", "{46039742-D204-459C-9442-914DFD41E281}"
	ProjectSection(ProjectDependencies) = postProject
		{4FB27D98-79F5-40DA-B3F4-F6204C530C74} = {4FB27D98-79F5-40DA-B3F4-F6204C530C74}
	EndProjectSection
EndProject
Project("{8BC9CEB8-8B4A-11D0-8D11-00A0C91BC942}") = "04_DXGI", "DXGI\DXGI.vcxproj", "{2D0B76AB-F9EB-4DA3-938E-319CD3690747}"
	ProjectSection(ProjectDependencies) = postProject
		{4FB27D98-79F5-40DA-B3F4-F6204C530C74} = {4FB27D98-79F5-40DA-B3F4-F6204C530C74}
	EndProjectSection
EndProject
Project("{8BC9CEB8-8B4A-11D0-8D11-00A0C91BC942}") = "05_FullScreenDevice", "FullScreenDevice\FullScreenDevice.vcxproj", "{1B14A1A9-397D-4327-8967-32E15A12EF95}"
	ProjectSection(ProjectDependencies) = postProject
		{4FB27D98-79F5-40DA-B3F4-F6204C530C74} = {4FB27D98-79F5-40DA-B3F4-F6204C530C74}
	EndProjectSection
EndProject
Project("{8BC9CEB8-8B4A-11D0-8D11-00A0C91BC942}") = "06_Timer", "Timer\Timer.vcxproj", "{080B7CD2-BF21-4822-AFD4-D56DF7B07CE4}"
EndProject
Project("{8BC9CEB8-8B4A-11D0-8D11-00A0C91BC942}") = "07_DirectWrite", "DirectWrite\DirectWrite.vcxproj", "{EAE62064-E65F-4747-9843-0055775556AF}"
	ProjectSection(ProjectDependencies) = postProject
		{4FB27D98-79F5-40DA-B3F4-F6204C530C74} = {4FB27D98-79F5-40DA-B3F4-F6204C530C74}
	EndProjectSection
EndProject
Project("{8BC9CEB8-8B4A-11D0-8D11-00A0C91BC942}") = "08_DirectInput", "DirectInput\DirectInput.vcxproj", "{9ACF88BE-8FCF-4BDA-8429-38DB7C7A4568}"
	ProjectSection(ProjectDependencies) = postProject
		{4FB27D98-79F5-40DA-B3F4-F6204C530C74} = {4FB27D98-79F5-40DA-B3F4-F6204C530C74}
	EndProjectSection
EndProject
Project("{8BC9CEB8-8B4A-11D0-8D11-00A0C91BC942}") = "09_Review", "Review\Review.vcxproj", "{12EAE4C8-3CF1-4AEF-A57B-DDBB505B27DF}"
EndProject
Project("{2150E333-8FDC-42A3-9474-1A3956D46DE8}") = "Part_02_Buffer", "Part_02_Buffer", "{01C5932A-B7C8-43A1-80EB-9A498B13B5D4}"
EndProject
Project("{8BC9CEB8-8B4A-11D0-8D11-00A0C91BC942}") = "01_VertexBuffer", "VertexBuffer\VertexBuffer.vcxproj", "{EE4F00D2-95F6-41AB-AD18-CCEA88E01BC3}"
	ProjectSection(ProjectDependencies) = postProject
		{AD497FC2-4D51-478F-A83D-53FA9E8A1379} = {AD497FC2-4D51-478F-A83D-53FA9E8A1379}
	EndProjectSection
EndProject
Project("{8BC9CEB8-8B4A-11D0-8D11-00A0C91BC942}") = "02_IndexBuffer", "IndexBuffer\IndexBuffer.vcxproj", "{E9C13E32-1CAB-4307-9A42-C88A3328B2CA}"
EndProject
Project("{8BC9CEB8-8B4A-11D0-8D11-00A0C91BC942}") = "03_ConstantBuffer", "ConstantBuffer\ConstantBuffer.vcxproj", "{3F8B9C73-176F-465C-9603-5C4797ED93B6}"
	ProjectSection(ProjectDependencies) = postProject
		{AD497FC2-4D51-478F-A83D-53FA9E8A1379} = {AD497FC2-4D51-478F-A83D-53FA9E8A1379}
	EndProjectSection
EndProject
Project("{2150E333-8FDC-42A3-9474-1A3956D46DE8}") = "Part_03_Texture", "Part_03_Texture", "{1AC37112-62C5-4C10-82C0-3073121E4F23}"
EndProject
Project("{8BC9CEB8-8B4A-11D0-8D11-00A0C91BC942}") = "01_Texture", "Texture\Texture.vcxproj", "{7CC155D0-C559-4DF8-8476-D41616BF631C}"
EndProject
Project("{2150E333-8FDC-42A3-9474-1A3956D46DE8}") = "Part_06_Blend", "Part_06_Blend", "{637CD307-CA7F-4B00-A974-BA8B99340C7B}"
EndProject
Project("{8BC9CEB8-8B4A-11D0-8D11-00A0C91BC942}") = "01_AlphaBlend", "AlphaBlend\AlphaBlend.vcxproj", "{599B3FDF-F2EF-4092-82D7-02F3ED678457}"
	ProjectSection(ProjectDependencies) = postProject
		{AD497FC2-4D51-478F-A83D-53FA9E8A1379} = {AD497FC2-4D51-478F-A83D-53FA9E8A1379}
	EndProjectSection
EndProject
Project("{8BC9CEB8-8B4A-11D0-8D11-00A0C91BC942}") = "02_Review_02", "Review_02\Review_02.vcxproj", "{1CD3E90F-8C57-4770-827E-2D0FC9C8779F}"
EndProject
Project("{2150E333-8FDC-42A3-9474-1A3956D46DE8}") = "DXConverting", "DXConverting", "{C343D625-4127-42A5-A442-C52031F3BEC6}"
EndProject
Project("{8BC9CEB8-8B4A-11D0-8D11-00A0C91BC942}") = "MomodoraLibrary", "MomodoraLibrary\MomodoraLibrary.vcxproj", "{4E9BC1C4-9136-4CC5-89CD-32B63A6B9FC0}"
EndProject
Project("{8BC9CEB8-8B4A-11D0-8D11-00A0C91BC942}") = "Momodora", "Scene_01\Scene_01.vcxproj", "{05755E14-6896-45BD-8862-41EE93E3C948}"
EndProject
Project("{8BC9CEB8-8B4A-11D0-8D11-00A0C91BC942}") = "Dx_Momodora", "Dx_Momodora\Dx_Momodora.vcxproj", "{0D1697E9-0544-4252-87AE-A96994534C06}"
EndProject
Project("{8BC9CEB8-8B4A-11D0-8D11-00A0C91BC942}") = "02_Rasterizer", "Rasterizer\Rasterizer.vcxproj", "{28CAEF84-6059-419D-B7D8-AC0872E922B9}"
	ProjectSection(ProjectDependencies) = postProject
		{A5593222-23DA-4FBF-A14D-2DE02300A2A9} = {A5593222-23DA-4FBF-A14D-2DE02300A2A9}
	EndProjectSection
EndProject
Project("{2150E333-8FDC-42A3-9474-1A3956D46DE8}") = "Part_0X_UI", "Part_0X_UI", "{7E76B665-03E3-45C5-AE7D-91CA81C1767F}"
EndProject
Project("{8BC9CEB8-8B4A-11D0-8D11-00A0C91BC942}") = "3DCore_3", "3DCore_3\3DCore_3.vcxproj", "{A5593222-23DA-4FBF-A14D-2DE02300A2A9}"
EndProject
Project("{8BC9CEB8-8B4A-11D0-8D11-00A0C91BC942}") = "3DCore_2", "3DCore_2\3DCore_2.vcxproj", "{AD497FC2-4D51-478F-A83D-53FA9E8A1379}"
EndProject
Project("{8BC9CEB8-8B4A-11D0-8D11-00A0C91BC942}") = "3DCore", "3DCore\3DCore.vcxproj", "{4FB27D98-79F5-40DA-B3F4-F6204C530C74}"
EndProject
Project("{8BC9CEB8-8B4A-11D0-8D11-00A0C91BC942}") = "01_ButtonRotation", "ButtonRotation\ButtonRotation.vcxproj", "{C5615E30-54D2-42C2-810F-72EA29BD4A7E}"
	ProjectSection(ProjectDependencies) = postProject
		{A5593222-23DA-4FBF-A14D-2DE02300A2A9} = {A5593222-23DA-4FBF-A14D-2DE02300A2A9}
	EndProjectSection
EndProject
Project("{8BC9CEB8-8B4A-11D0-8D11-00A0C91BC942}") = "01_Background", "Background\Background.vcxproj", "{630EB80A-F21A-4CAB-86DA-0AE009855DFA}"
	ProjectSection(ProjectDependencies) = postProject
		{0D1697E9-0544-4252-87AE-A96994534C06} = {0D1697E9-0544-4252-87AE-A96994534C06}
	EndProjectSection
EndProject
Project("{8BC9CEB8-8B4A-11D0-8D11-00A0C91BC942}") = "02_Terrain", "Terrain\Terrain.vcxproj", "{58F938A2-DD03-4713-9DD4-474B7A7B88E9}"
	ProjectSection(ProjectDependencies) = postProject
		{0D1697E9-0544-4252-87AE-A96994534C06} = {0D1697E9-0544-4252-87AE-A96994534C06}
	EndProjectSection
EndProject
Project("{8BC9CEB8-8B4A-11D0-8D11-00A0C91BC942}") = "03_ObjectMgr", "ObjectMgr\ObjectMgr.vcxproj", "{11DBC95B-E511-4843-BA7E-2651FA5EBEDB}"
	ProjectSection(ProjectDependencies) = postProject
		{0D1697E9-0544-4252-87AE-A96994534C06} = {0D1697E9-0544-4252-87AE-A96994534C06}
	EndProjectSection
EndProject
Project("{8BC9CEB8-8B4A-11D0-8D11-00A0C91BC942}") = "04_Scene", "Scene\Scene.vcxproj", "{F2323038-4EB0-4706-96FC-70AD0DEC6E78}"
	ProjectSection(ProjectDependencies) = postProject
		{0D1697E9-0544-4252-87AE-A96994534C06} = {0D1697E9-0544-4252-87AE-A96994534C06}
	EndProjectSection
EndProject
Project("{8BC9CEB8-8B4A-11D0-8D11-00A0C91BC942}") = "05_SceneBuilder", "SceneBuilder\SceneBuilder.vcxproj", "{25525DD3-1C72-4688-A84E-36CEB1861322}"
	ProjectSection(ProjectDependencies) = postProject
		{0D1697E9-0544-4252-87AE-A96994534C06} = {0D1697E9-0544-4252-87AE-A96994534C06}
	EndProjectSection
EndProject
Project("{8BC9CEB8-8B4A-11D0-8D11-00A0C91BC942}") = "06_Character", "Character\Character.vcxproj", "{63C9765A-92FE-4C9D-9696-72B62A80D2D9}"
	ProjectSection(ProjectDependencies) = postProject
		{0D1697E9-0544-4252-87AE-A96994534C06} = {0D1697E9-0544-4252-87AE-A96994534C06}
	EndProjectSection
EndProject
Project("{8BC9CEB8-8B4A-11D0-8D11-00A0C91BC942}") = "07_Sprite", "Sprite\Sprite.vcxproj", "{308D2865-529C-4D7F-9E02-929F9DF07F57}"
	ProjectSection(ProjectDependencies) = postProject
		{0D1697E9-0544-4252-87AE-A96994534C06} = {0D1697E9-0544-4252-87AE-A96994534C06}
	EndProjectSection
EndProject
Project("{8BC9CEB8-8B4A-11D0-8D11-00A0C91BC942}") = "08_State", "State\State.vcxproj", "{E0A40E4A-0B5B-449A-8C6B-310413D18DF9}"
	ProjectSection(ProjectDependencies) = postProject
		{0D1697E9-0544-4252-87AE-A96994534C06} = {0D1697E9-0544-4252-87AE-A96994534C06}
	EndProjectSection
EndProject
Project("{8BC9CEB8-8B4A-11D0-8D11-00A0C91BC942}") = "09_StateMgr", "StateMgr\StateMgr.vcxproj", "{24DFE549-A9EC-4170-B750-9037865A2819}"
	ProjectSection(ProjectDependencies) = postProject
		{0D1697E9-0544-4252-87AE-A96994534C06} = {0D1697E9-0544-4252-87AE-A96994534C06}
	EndProjectSection
EndProject
Project("{8BC9CEB8-8B4A-11D0-8D11-00A0C91BC942}") = "10_PlayerState", "PlayerState\PlayerState.vcxproj", "{3C2BFDC4-F981-4060-9314-897DCF50C286}"
	ProjectSection(ProjectDependencies) = postProject
		{0D1697E9-0544-4252-87AE-A96994534C06} = {0D1697E9-0544-4252-87AE-A96994534C06}
	EndProjectSection
EndProject
Project("{8BC9CEB8-8B4A-11D0-8D11-00A0C91BC942}") = "11_Effect", "Effect\Effect.vcxproj", "{2E4B7C64-7F35-4354-A3F5-0025E800F889}"
	ProjectSection(ProjectDependencies) = postProject
		{0D1697E9-0544-4252-87AE-A96994534C06} = {0D1697E9-0544-4252-87AE-A96994534C06}
	EndProjectSection
EndProject
Project("{8BC9CEB8-8B4A-11D0-8D11-00A0C91BC942}") = "12_PlayerAttackState", "PlayerAttackState\PlayerAttackState.vcxproj", "{7229A797-DA0B-4D63-824F-93F9F8A31F14}"
	ProjectSection(ProjectDependencies) = postProject
		{0D1697E9-0544-4252-87AE-A96994534C06} = {0D1697E9-0544-4252-87AE-A96994534C06}
	EndProjectSection
EndProject
Project("{8BC9CEB8-8B4A-11D0-8D11-00A0C91BC942}") = "13_P_Attack_test", "P_Attack_test\P_Attack_test.vcxproj", "{65989D5E-35EF-4872-8C2D-025015E8B1C0}"
	ProjectSection(ProjectDependencies) = postProject
		{0D1697E9-0544-4252-87AE-A96994534C06} = {0D1697E9-0544-4252-87AE-A96994534C06}
	EndProjectSection
EndProject
Project("{8BC9CEB8-8B4A-11D0-8D11-00A0C91BC942}") = "14_Collision", "Collision\Collision.vcxproj", "{87B7E7EB-4228-499E-A6C8-AA13AD7F09B7}"
	ProjectSection(ProjectDependencies) = postProject
		{0D1697E9-0544-4252-87AE-A96994534C06} = {0D1697E9-0544-4252-87AE-A96994534C06}
	EndProjectSection
EndProject
Project("{8BC9CEB8-8B4A-11D0-8D11-00A0C91BC942}") = "15_SceneSwitch", "SceneSwitch\SceneSwitch.vcxproj", "{F0F7BFB3-4E38-4922-A5AD-86641E3B6EAA}"
	ProjectSection(ProjectDependencies) = postProject
		{0D1697E9-0544-4252-87AE-A96994534C06} = {0D1697E9-0544-4252-87AE-A96994534C06}
	EndProjectSection
EndProject
Project("{8BC9CEB8-8B4A-11D0-8D11-00A0C91BC942}") = "16_DownableObject", "DownableObject\DownableObject.vcxproj", "{8E5A1E36-3764-413B-A6FF-C184D83B94C0}"
	ProjectSection(ProjectDependencies) = postProject
		{0D1697E9-0544-4252-87AE-A96994534C06} = {0D1697E9-0544-4252-87AE-A96994534C06}
	EndProjectSection
EndProject
Project("{8BC9CEB8-8B4A-11D0-8D11-00A0C91BC942}") = "17_Ladder", "Ladder\Ladder.vcxproj", "{B9BA54BA-CF41-4438-8898-FFB9836CE3AA}"
	ProjectSection(ProjectDependencies) = postProject
		{0D1697E9-0544-4252-87AE-A96994534C06} = {0D1697E9-0544-4252-87AE-A96994534C06}
	EndProjectSection
EndProject
Project("{8BC9CEB8-8B4A-11D0-8D11-00A0C91BC942}") = "18_LobbyScene", "LobbyScene\LobbyScene.vcxproj", "{2AB207C1-639F-4E42-BB4B-E0AE3347DF9A}"
	ProjectSection(ProjectDependencies) = postProject
		{0D1697E9-0544-4252-87AE-A96994534C06} = {0D1697E9-0544-4252-87AE-A96994534C06}
	EndProjectSection
EndProject
Project("{8BC9CEB8-8B4A-11D0-8D11-00A0C91BC942}") = "19_InGameMenu", "InGameMenu\InGameMenu.vcxproj", "{7D1FDAD0-784A-4C3B-9909-5B56A3F0447F}"
	ProjectSection(ProjectDependencies) = postProject
		{0D1697E9-0544-4252-87AE-A96994534C06} = {0D1697E9-0544-4252-87AE-A96994534C06}
	EndProjectSection
EndProject
Project("{8BC9CEB8-8B4A-11D0-8D11-00A0C91BC942}") = "20_Inventory", "Inventory\Inventory.vcxproj", "{211353BA-CE11-4BF3-A978-624AEACC803B}"
	ProjectSection(ProjectDependencies) = postProject
		{0D1697E9-0544-4252-87AE-A96994534C06} = {0D1697E9-0544-4252-87AE-A96994534C06}
	EndProjectSection
EndProject
Project("{8BC9CEB8-8B4A-11D0-8D11-00A0C91BC942}") = "21_Item", "Item\Item.vcxproj", "{39E19418-1E97-4045-BEA0-A845831CADF5}"
	ProjectSection(ProjectDependencies) = postProject
		{0D1697E9-0544-4252-87AE-A96994534C06} = {0D1697E9-0544-4252-87AE-A96994534C06}
	EndProjectSection
EndProject
Project("{8BC9CEB8-8B4A-11D0-8D11-00A0C91BC942}") = "22_GameUI", "GameUI\GameUI.vcxproj", "{BDE9B3D1-3C9F-4E37-AF3C-27A9574778F3}"
	ProjectSection(ProjectDependencies) = postProject
		{0D1697E9-0544-4252-87AE-A96994534C06} = {0D1697E9-0544-4252-87AE-A96994534C06}
	EndProjectSection
EndProject
Project("{8BC9CEB8-8B4A-11D0-8D11-00A0C91BC942}") = "23_ItemUse", "ItemUse\ItemUse.vcxproj", "{586C8BB2-BB6A-4FD7-8630-BC66CCF7B374}"
	ProjectSection(ProjectDependencies) = postProject
		{0D1697E9-0544-4252-87AE-A96994534C06} = {0D1697E9-0544-4252-87AE-A96994534C06}
	EndProjectSection
EndProject
Project("{8BC9CEB8-8B4A-11D0-8D11-00A0C91BC942}") = "24_Enemy", "Enemy\Enemy.vcxproj", "{683824D5-1079-4505-8D33-C54C566A6C16}"
	ProjectSection(ProjectDependencies) = postProject
		{0D1697E9-0544-4252-87AE-A96994534C06} = {0D1697E9-0544-4252-87AE-A96994534C06}
	EndProjectSection
EndProject
Project("{8BC9CEB8-8B4A-11D0-8D11-00A0C91BC942}") = "25_EnemyScroll", "EnemyScroll\EnemyScroll.vcxproj", "{45763032-2F14-475F-818B-17FE8BC3C073}"
	ProjectSection(ProjectDependencies) = postProject
		{0D1697E9-0544-4252-87AE-A96994534C06} = {0D1697E9-0544-4252-87AE-A96994534C06}
	EndProjectSection
EndProject
Project("{8BC9CEB8-8B4A-11D0-8D11-00A0C91BC942}") = "26_EndScene", "EndScene\EndScene.vcxproj", "{A68759DC-5037-4D33-AFB4-E2940AC10457}"
	ProjectSection(ProjectDependencies) = postProject
		{0D1697E9-0544-4252-87AE-A96994534C06} = {0D1697E9-0544-4252-87AE-A96994534C06}
	EndProjectSection
EndProject
Project("{8BC9CEB8-8B4A-11D0-8D11-00A0C91BC942}") = "27_Test", "Test\Test.vcxproj", "{6F3C9C69-8EA7-49AF-9050-56B4A3E47003}"
	ProjectSection(ProjectDependencies) = postProject
		{0D1697E9-0544-4252-87AE-A96994534C06} = {0D1697E9-0544-4252-87AE-A96994534C06}
	EndProjectSection
EndProject
Project("{8BC9CEB8-8B4A-11D0-8D11-00A0C91BC942}") = "28_Misc", "Misc\Misc.vcxproj", "{E587CBD9-8BB7-4B42-B365-E9271C964D12}"
EndProject
Project("{8BC9CEB8-8B4A-11D0-8D11-00A0C91BC942}") = "29_MiscTest", "MiscTest\MiscTest.vcxproj", "{92B41A21-0213-4A91-95E4-17E426EA02E4}"
	ProjectSection(ProjectDependencies) = postProject
		{0D1697E9-0544-4252-87AE-A96994534C06} = {0D1697E9-0544-4252-87AE-A96994534C06}
	EndProjectSection
EndProject
Project("{8BC9CEB8-8B4A-11D0-8D11-00A0C91BC942}") = "D3DLib", "D3DLib\D3DLib.vcxproj", "{18A8D4CF-E817-4AC3-97B7-3EA81B9CC5F6}"
EndProject
Project("{2150E333-8FDC-42A3-9474-1A3956D46DE8}") = "0_Note", "0_Note", "{F08C39CD-E9C9-481F-A7EC-59BC6ACF73A3}"
EndProject
Project("{8BC9CEB8-8B4A-11D0-8D11-00A0C91BC942}") = "LibTest", "LibTest\LibTest.vcxproj", "{6055651A-6A37-4D99-B882-9CB0422B6311}"
	ProjectSection(ProjectDependencies) = postProject
		{18A8D4CF-E817-4AC3-97B7-3EA81B9CC5F6} = {18A8D4CF-E817-4AC3-97B7-3EA81B9CC5F6}
	EndProjectSection
EndProject
Project("{2150E333-8FDC-42A3-9474-1A3956D46DE8}") = "Part_05_Camera", "Part_05_Camera", "{3825F053-B510-4855-9D6E-A3629C12B730}"
EndProject
Project("{8BC9CEB8-8B4A-11D0-8D11-00A0C91BC942}") = "01_TextureRender", "TextureRender\TextureRender.vcxproj", "{540A50CD-347A-4D69-B28F-9587EE4A7FA9}"
	ProjectSection(ProjectDependencies) = postProject
		{18A8D4CF-E817-4AC3-97B7-3EA81B9CC5F6} = {18A8D4CF-E817-4AC3-97B7-3EA81B9CC5F6}
	EndProjectSection
EndProject
Project("{8BC9CEB8-8B4A-11D0-8D11-00A0C91BC942}") = "02_TexRenderLib", "TexRenderLib\TexRenderLib.vcxproj", "{A85BD82B-9E35-4435-B390-BE962BFC1494}"
	ProjectSection(ProjectDependencies) = postProject
		{18A8D4CF-E817-4AC3-97B7-3EA81B9CC5F6} = {18A8D4CF-E817-4AC3-97B7-3EA81B9CC5F6}
	EndProjectSection
EndProject
Project("{8BC9CEB8-8B4A-11D0-8D11-00A0C91BC942}") = "03_CreateFrustum", "CreateFrustum\CreateFrustum.vcxproj", "{86FCA4A2-D978-4CD6-9427-8C32781C2402}"
EndProject
Project("{8BC9CEB8-8B4A-11D0-8D11-00A0C91BC942}") = "04_FrustumCulling", "FrustumCulling\FrustumCulling.vcxproj", "{BDEC8ACF-A5A3-4660-A388-F4E8B7B0812D}"
	ProjectSection(ProjectDependencies) = postProject
		{18A8D4CF-E817-4AC3-97B7-3EA81B9CC5F6} = {18A8D4CF-E817-4AC3-97B7-3EA81B9CC5F6}
	EndProjectSection
EndProject
Project("{2150E333-8FDC-42A3-9474-1A3956D46DE8}") = "Part_07_Effect", "Part_07_Effect", "{8414B3C7-EE06-4E30-8623-8A438DB94D7B}"
EndProject
Project("{8BC9CEB8-8B4A-11D0-8D11-00A0C91BC942}") = "01_Instancing", "Instancing\Instancing.vcxproj", "{2078685C-EC8B-4F02-980D-0A28A1671A41}"
	ProjectSection(ProjectDependencies) = postProject
		{18A8D4CF-E817-4AC3-97B7-3EA81B9CC5F6} = {18A8D4CF-E817-4AC3-97B7-3EA81B9CC5F6}
	EndProjectSection
EndProject
Project("{8BC9CEB8-8B4A-11D0-8D11-00A0C91BC942}") = "02_Instancing_1", "Instancing_1\Instancing_1.vcxproj", "{8A605185-B87E-4508-898A-CE712EEAD611}"
	ProjectSection(ProjectDependencies) = postProject
		{18A8D4CF-E817-4AC3-97B7-3EA81B9CC5F6} = {18A8D4CF-E817-4AC3-97B7-3EA81B9CC5F6}
	EndProjectSection
EndProject
Project("{2150E333-8FDC-42A3-9474-1A3956D46DE8}") = "Part_11_Animation", "Part_11_Animation", "{08D1BDA8-5273-4BBB-BC1E-354CF36F6A08}"
EndProject
Project("{8BC9CEB8-8B4A-11D0-8D11-00A0C91BC942}") = "ZXCExporter_v1.1", "ZXCExporter_v1.1\ZXCExporter_v1.1.vcxproj", "{3598C7DE-FDD5-4FF1-ACAB-CDB061A100C3}"
EndProject
Project("{8BC9CEB8-8B4A-11D0-8D11-00A0C91BC942}") = "ZXCParser_v1.1", "ZXCParser_v1.1\ZXCParser_v1.1.vcxproj", "{52057D15-BDDB-493B-AA26-15A4E7AB1871}"
EndProject
Project("{8BC9CEB8-8B4A-11D0-8D11-00A0C91BC942}") = "01_MeshGeometry", "MeshGeometry\MeshGeometry.vcxproj", "{EB8F3568-55A9-491F-8F8D-1824DE47D3FD}"
	ProjectSection(ProjectDependencies) = postProject
		{18A8D4CF-E817-4AC3-97B7-3EA81B9CC5F6} = {18A8D4CF-E817-4AC3-97B7-3EA81B9CC5F6}
	EndProjectSection
EndProject
Project("{8BC9CEB8-8B4A-11D0-8D11-00A0C91BC942}") = "ZXCSExporter", "ZXCSExporter\ZXCSExporter.vcxproj", "{86218A16-5085-4083-88D4-9DD63CF47036}"
EndProject
Project("{8BC9CEB8-8B4A-11D0-8D11-00A0C91BC942}") = "02_HelperViewer", "HelperViewer\HelperViewer.vcxproj", "{2D940790-FF33-4FA6-817E-9AF23F30053A}"
	ProjectSection(ProjectDependencies) = postProject
		{18A8D4CF-E817-4AC3-97B7-3EA81B9CC5F6} = {18A8D4CF-E817-4AC3-97B7-3EA81B9CC5F6}
	EndProjectSection
EndProject
Project("{2150E333-8FDC-42A3-9474-1A3956D46DE8}") = "Part_09_Lighting", "Part_09_Lighting", "{4FDB47C2-093F-4217-AB24-5B0919D08A31}"
EndProject
Project("{8BC9CEB8-8B4A-11D0-8D11-00A0C91BC942}") = "01_DirectionalLight", "DirectionalLight\DirectionalLight.vcxproj", "{8EE79D56-74C3-4861-8238-0F1DD98C4BB6}"
	ProjectSection(ProjectDependencies) = postProject
		{18A8D4CF-E817-4AC3-97B7-3EA81B9CC5F6} = {18A8D4CF-E817-4AC3-97B7-3EA81B9CC5F6}
	EndProjectSection
EndProject
Project("{2150E333-8FDC-42A3-9474-1A3956D46DE8}") = "Part_08_Map", "Part_08_Map", "{E338855B-71AB-4F3F-AED7-747F88A6CC36}"
EndProject
Project("{8BC9CEB8-8B4A-11D0-8D11-00A0C91BC942}") = "01_CubeMap", "CubeMap\CubeMap.vcxproj", "{8627AF1A-7DD5-4A50-8AA0-BD9AA1D8B3F7}"
	ProjectSection(ProjectDependencies) = postProject
		{18A8D4CF-E817-4AC3-97B7-3EA81B9CC5F6} = {18A8D4CF-E817-4AC3-97B7-3EA81B9CC5F6}
	EndProjectSection
EndProject
Project("{8BC9CEB8-8B4A-11D0-8D11-00A0C91BC942}") = "ZXCSExporter_v1.1", "ZXCSExporter_v1.1\ZXCSExporter_v1.1.vcxproj", "{F0AAF60A-E1C0-43F1-AA67-6A266A6DAD83}"
EndProject
Global
	GlobalSection(SolutionConfigurationPlatforms) = preSolution
		Debug|x64 = Debug|x64
		Debug|x86 = Debug|x86
		Release|x64 = Release|x64
		Release|x86 = Release|x86
	EndGlobalSection
	GlobalSection(ProjectConfigurationPlatforms) = postSolution
		{89D2C923-1A4D-492B-AFC7-ECB3285886A0}.Debug|x64.ActiveCfg = Debug|x64
		{89D2C923-1A4D-492B-AFC7-ECB3285886A0}.Debug|x64.Build.0 = Debug|x64
		{89D2C923-1A4D-492B-AFC7-ECB3285886A0}.Debug|x86.ActiveCfg = Debug|Win32
		{89D2C923-1A4D-492B-AFC7-ECB3285886A0}.Debug|x86.Build.0 = Debug|Win32
		{89D2C923-1A4D-492B-AFC7-ECB3285886A0}.Release|x64.ActiveCfg = Release|x64
		{89D2C923-1A4D-492B-AFC7-ECB3285886A0}.Release|x64.Build.0 = Release|x64
		{89D2C923-1A4D-492B-AFC7-ECB3285886A0}.Release|x86.ActiveCfg = Release|Win32
		{89D2C923-1A4D-492B-AFC7-ECB3285886A0}.Release|x86.Build.0 = Release|Win32
		{3BD9217B-3448-4C2B-942A-EF9D8EF1223E}.Debug|x64.ActiveCfg = Debug|x64
		{3BD9217B-3448-4C2B-942A-EF9D8EF1223E}.Debug|x64.Build.0 = Debug|x64
		{3BD9217B-3448-4C2B-942A-EF9D8EF1223E}.Debug|x86.ActiveCfg = Debug|Win32
		{3BD9217B-3448-4C2B-942A-EF9D8EF1223E}.Debug|x86.Build.0 = Debug|Win32
		{3BD9217B-3448-4C2B-942A-EF9D8EF1223E}.Release|x64.ActiveCfg = Release|x64
		{3BD9217B-3448-4C2B-942A-EF9D8EF1223E}.Release|x64.Build.0 = Release|x64
		{3BD9217B-3448-4C2B-942A-EF9D8EF1223E}.Release|x86.ActiveCfg = Release|Win32
		{3BD9217B-3448-4C2B-942A-EF9D8EF1223E}.Release|x86.Build.0 = Release|Win32
		{46039742-D204-459C-9442-914DFD41E281}.Debug|x64.ActiveCfg = Debug|x64
		{46039742-D204-459C-9442-914DFD41E281}.Debug|x64.Build.0 = Debug|x64
		{46039742-D204-459C-9442-914DFD41E281}.Debug|x86.ActiveCfg = Debug|Win32
		{46039742-D204-459C-9442-914DFD41E281}.Debug|x86.Build.0 = Debug|Win32
		{46039742-D204-459C-9442-914DFD41E281}.Release|x64.ActiveCfg = Release|x64
		{46039742-D204-459C-9442-914DFD41E281}.Release|x64.Build.0 = Release|x64
		{46039742-D204-459C-9442-914DFD41E281}.Release|x86.ActiveCfg = Release|Win32
		{46039742-D204-459C-9442-914DFD41E281}.Release|x86.Build.0 = Release|Win32
		{2D0B76AB-F9EB-4DA3-938E-319CD3690747}.Debug|x64.ActiveCfg = Debug|x64
		{2D0B76AB-F9EB-4DA3-938E-319CD3690747}.Debug|x64.Build.0 = Debug|x64
		{2D0B76AB-F9EB-4DA3-938E-319CD3690747}.Debug|x86.ActiveCfg = Debug|Win32
		{2D0B76AB-F9EB-4DA3-938E-319CD3690747}.Debug|x86.Build.0 = Debug|Win32
		{2D0B76AB-F9EB-4DA3-938E-319CD3690747}.Release|x64.ActiveCfg = Release|x64
		{2D0B76AB-F9EB-4DA3-938E-319CD3690747}.Release|x64.Build.0 = Release|x64
		{2D0B76AB-F9EB-4DA3-938E-319CD3690747}.Release|x86.ActiveCfg = Release|Win32
		{2D0B76AB-F9EB-4DA3-938E-319CD3690747}.Release|x86.Build.0 = Release|Win32
		{1B14A1A9-397D-4327-8967-32E15A12EF95}.Debug|x64.ActiveCfg = Debug|x64
		{1B14A1A9-397D-4327-8967-32E15A12EF95}.Debug|x64.Build.0 = Debug|x64
		{1B14A1A9-397D-4327-8967-32E15A12EF95}.Debug|x86.ActiveCfg = Debug|Win32
		{1B14A1A9-397D-4327-8967-32E15A12EF95}.Debug|x86.Build.0 = Debug|Win32
		{1B14A1A9-397D-4327-8967-32E15A12EF95}.Release|x64.ActiveCfg = Release|x64
		{1B14A1A9-397D-4327-8967-32E15A12EF95}.Release|x64.Build.0 = Release|x64
		{1B14A1A9-397D-4327-8967-32E15A12EF95}.Release|x86.ActiveCfg = Release|Win32
		{1B14A1A9-397D-4327-8967-32E15A12EF95}.Release|x86.Build.0 = Release|Win32
		{080B7CD2-BF21-4822-AFD4-D56DF7B07CE4}.Debug|x64.ActiveCfg = Debug|x64
		{080B7CD2-BF21-4822-AFD4-D56DF7B07CE4}.Debug|x64.Build.0 = Debug|x64
		{080B7CD2-BF21-4822-AFD4-D56DF7B07CE4}.Debug|x86.ActiveCfg = Debug|Win32
		{080B7CD2-BF21-4822-AFD4-D56DF7B07CE4}.Debug|x86.Build.0 = Debug|Win32
		{080B7CD2-BF21-4822-AFD4-D56DF7B07CE4}.Release|x64.ActiveCfg = Release|x64
		{080B7CD2-BF21-4822-AFD4-D56DF7B07CE4}.Release|x64.Build.0 = Release|x64
		{080B7CD2-BF21-4822-AFD4-D56DF7B07CE4}.Release|x86.ActiveCfg = Release|Win32
		{080B7CD2-BF21-4822-AFD4-D56DF7B07CE4}.Release|x86.Build.0 = Release|Win32
		{EAE62064-E65F-4747-9843-0055775556AF}.Debug|x64.ActiveCfg = Debug|x64
		{EAE62064-E65F-4747-9843-0055775556AF}.Debug|x64.Build.0 = Debug|x64
		{EAE62064-E65F-4747-9843-0055775556AF}.Debug|x86.ActiveCfg = Debug|Win32
		{EAE62064-E65F-4747-9843-0055775556AF}.Debug|x86.Build.0 = Debug|Win32
		{EAE62064-E65F-4747-9843-0055775556AF}.Release|x64.ActiveCfg = Release|x64
		{EAE62064-E65F-4747-9843-0055775556AF}.Release|x64.Build.0 = Release|x64
		{EAE62064-E65F-4747-9843-0055775556AF}.Release|x86.ActiveCfg = Release|Win32
		{EAE62064-E65F-4747-9843-0055775556AF}.Release|x86.Build.0 = Release|Win32
		{9ACF88BE-8FCF-4BDA-8429-38DB7C7A4568}.Debug|x64.ActiveCfg = Debug|x64
		{9ACF88BE-8FCF-4BDA-8429-38DB7C7A4568}.Debug|x64.Build.0 = Debug|x64
		{9ACF88BE-8FCF-4BDA-8429-38DB7C7A4568}.Debug|x86.ActiveCfg = Debug|Win32
		{9ACF88BE-8FCF-4BDA-8429-38DB7C7A4568}.Debug|x86.Build.0 = Debug|Win32
		{9ACF88BE-8FCF-4BDA-8429-38DB7C7A4568}.Release|x64.ActiveCfg = Release|x64
		{9ACF88BE-8FCF-4BDA-8429-38DB7C7A4568}.Release|x64.Build.0 = Release|x64
		{9ACF88BE-8FCF-4BDA-8429-38DB7C7A4568}.Release|x86.ActiveCfg = Release|Win32
		{9ACF88BE-8FCF-4BDA-8429-38DB7C7A4568}.Release|x86.Build.0 = Release|Win32
		{12EAE4C8-3CF1-4AEF-A57B-DDBB505B27DF}.Debug|x64.ActiveCfg = Debug|x64
		{12EAE4C8-3CF1-4AEF-A57B-DDBB505B27DF}.Debug|x64.Build.0 = Debug|x64
		{12EAE4C8-3CF1-4AEF-A57B-DDBB505B27DF}.Debug|x86.ActiveCfg = Debug|Win32
		{12EAE4C8-3CF1-4AEF-A57B-DDBB505B27DF}.Debug|x86.Build.0 = Debug|Win32
		{12EAE4C8-3CF1-4AEF-A57B-DDBB505B27DF}.Release|x64.ActiveCfg = Release|x64
		{12EAE4C8-3CF1-4AEF-A57B-DDBB505B27DF}.Release|x64.Build.0 = Release|x64
		{12EAE4C8-3CF1-4AEF-A57B-DDBB505B27DF}.Release|x86.ActiveCfg = Release|Win32
		{12EAE4C8-3CF1-4AEF-A57B-DDBB505B27DF}.Release|x86.Build.0 = Release|Win32
		{EE4F00D2-95F6-41AB-AD18-CCEA88E01BC3}.Debug|x64.ActiveCfg = Debug|x64
		{EE4F00D2-95F6-41AB-AD18-CCEA88E01BC3}.Debug|x64.Build.0 = Debug|x64
		{EE4F00D2-95F6-41AB-AD18-CCEA88E01BC3}.Debug|x86.ActiveCfg = Debug|Win32
		{EE4F00D2-95F6-41AB-AD18-CCEA88E01BC3}.Debug|x86.Build.0 = Debug|Win32
		{EE4F00D2-95F6-41AB-AD18-CCEA88E01BC3}.Release|x64.ActiveCfg = Release|x64
		{EE4F00D2-95F6-41AB-AD18-CCEA88E01BC3}.Release|x64.Build.0 = Release|x64
		{EE4F00D2-95F6-41AB-AD18-CCEA88E01BC3}.Release|x86.ActiveCfg = Release|Win32
		{EE4F00D2-95F6-41AB-AD18-CCEA88E01BC3}.Release|x86.Build.0 = Release|Win32
		{E9C13E32-1CAB-4307-9A42-C88A3328B2CA}.Debug|x64.ActiveCfg = Debug|x64
		{E9C13E32-1CAB-4307-9A42-C88A3328B2CA}.Debug|x64.Build.0 = Debug|x64
		{E9C13E32-1CAB-4307-9A42-C88A3328B2CA}.Debug|x86.ActiveCfg = Debug|Win32
		{E9C13E32-1CAB-4307-9A42-C88A3328B2CA}.Debug|x86.Build.0 = Debug|Win32
		{E9C13E32-1CAB-4307-9A42-C88A3328B2CA}.Release|x64.ActiveCfg = Release|x64
		{E9C13E32-1CAB-4307-9A42-C88A3328B2CA}.Release|x64.Build.0 = Release|x64
		{E9C13E32-1CAB-4307-9A42-C88A3328B2CA}.Release|x86.ActiveCfg = Release|Win32
		{E9C13E32-1CAB-4307-9A42-C88A3328B2CA}.Release|x86.Build.0 = Release|Win32
		{3F8B9C73-176F-465C-9603-5C4797ED93B6}.Debug|x64.ActiveCfg = Debug|x64
		{3F8B9C73-176F-465C-9603-5C4797ED93B6}.Debug|x64.Build.0 = Debug|x64
		{3F8B9C73-176F-465C-9603-5C4797ED93B6}.Debug|x86.ActiveCfg = Debug|Win32
		{3F8B9C73-176F-465C-9603-5C4797ED93B6}.Debug|x86.Build.0 = Debug|Win32
		{3F8B9C73-176F-465C-9603-5C4797ED93B6}.Release|x64.ActiveCfg = Release|x64
		{3F8B9C73-176F-465C-9603-5C4797ED93B6}.Release|x64.Build.0 = Release|x64
		{3F8B9C73-176F-465C-9603-5C4797ED93B6}.Release|x86.ActiveCfg = Release|Win32
		{3F8B9C73-176F-465C-9603-5C4797ED93B6}.Release|x86.Build.0 = Release|Win32
		{7CC155D0-C559-4DF8-8476-D41616BF631C}.Debug|x64.ActiveCfg = Debug|x64
		{7CC155D0-C559-4DF8-8476-D41616BF631C}.Debug|x64.Build.0 = Debug|x64
		{7CC155D0-C559-4DF8-8476-D41616BF631C}.Debug|x86.ActiveCfg = Debug|Win32
		{7CC155D0-C559-4DF8-8476-D41616BF631C}.Debug|x86.Build.0 = Debug|Win32
		{7CC155D0-C559-4DF8-8476-D41616BF631C}.Release|x64.ActiveCfg = Release|x64
		{7CC155D0-C559-4DF8-8476-D41616BF631C}.Release|x64.Build.0 = Release|x64
		{7CC155D0-C559-4DF8-8476-D41616BF631C}.Release|x86.ActiveCfg = Release|Win32
		{7CC155D0-C559-4DF8-8476-D41616BF631C}.Release|x86.Build.0 = Release|Win32
		{599B3FDF-F2EF-4092-82D7-02F3ED678457}.Debug|x64.ActiveCfg = Debug|x64
		{599B3FDF-F2EF-4092-82D7-02F3ED678457}.Debug|x64.Build.0 = Debug|x64
		{599B3FDF-F2EF-4092-82D7-02F3ED678457}.Debug|x86.ActiveCfg = Debug|Win32
		{599B3FDF-F2EF-4092-82D7-02F3ED678457}.Debug|x86.Build.0 = Debug|Win32
		{599B3FDF-F2EF-4092-82D7-02F3ED678457}.Release|x64.ActiveCfg = Release|x64
		{599B3FDF-F2EF-4092-82D7-02F3ED678457}.Release|x64.Build.0 = Release|x64
		{599B3FDF-F2EF-4092-82D7-02F3ED678457}.Release|x86.ActiveCfg = Release|Win32
		{599B3FDF-F2EF-4092-82D7-02F3ED678457}.Release|x86.Build.0 = Release|Win32
		{1CD3E90F-8C57-4770-827E-2D0FC9C8779F}.Debug|x64.ActiveCfg = Debug|x64
		{1CD3E90F-8C57-4770-827E-2D0FC9C8779F}.Debug|x64.Build.0 = Debug|x64
		{1CD3E90F-8C57-4770-827E-2D0FC9C8779F}.Debug|x86.ActiveCfg = Debug|Win32
		{1CD3E90F-8C57-4770-827E-2D0FC9C8779F}.Debug|x86.Build.0 = Debug|Win32
		{1CD3E90F-8C57-4770-827E-2D0FC9C8779F}.Release|x64.ActiveCfg = Release|x64
		{1CD3E90F-8C57-4770-827E-2D0FC9C8779F}.Release|x64.Build.0 = Release|x64
		{1CD3E90F-8C57-4770-827E-2D0FC9C8779F}.Release|x86.ActiveCfg = Release|Win32
		{1CD3E90F-8C57-4770-827E-2D0FC9C8779F}.Release|x86.Build.0 = Release|Win32
		{4E9BC1C4-9136-4CC5-89CD-32B63A6B9FC0}.Debug|x64.ActiveCfg = Debug|x64
		{4E9BC1C4-9136-4CC5-89CD-32B63A6B9FC0}.Debug|x64.Build.0 = Debug|x64
		{4E9BC1C4-9136-4CC5-89CD-32B63A6B9FC0}.Debug|x86.ActiveCfg = Debug|Win32
		{4E9BC1C4-9136-4CC5-89CD-32B63A6B9FC0}.Debug|x86.Build.0 = Debug|Win32
		{4E9BC1C4-9136-4CC5-89CD-32B63A6B9FC0}.Release|x64.ActiveCfg = Release|x64
		{4E9BC1C4-9136-4CC5-89CD-32B63A6B9FC0}.Release|x64.Build.0 = Release|x64
		{4E9BC1C4-9136-4CC5-89CD-32B63A6B9FC0}.Release|x86.ActiveCfg = Release|Win32
		{4E9BC1C4-9136-4CC5-89CD-32B63A6B9FC0}.Release|x86.Build.0 = Release|Win32
		{05755E14-6896-45BD-8862-41EE93E3C948}.Debug|x64.ActiveCfg = Debug|x64
		{05755E14-6896-45BD-8862-41EE93E3C948}.Debug|x64.Build.0 = Debug|x64
		{05755E14-6896-45BD-8862-41EE93E3C948}.Debug|x86.ActiveCfg = Debug|Win32
		{05755E14-6896-45BD-8862-41EE93E3C948}.Debug|x86.Build.0 = Debug|Win32
		{05755E14-6896-45BD-8862-41EE93E3C948}.Release|x64.ActiveCfg = Release|x64
		{05755E14-6896-45BD-8862-41EE93E3C948}.Release|x64.Build.0 = Release|x64
		{05755E14-6896-45BD-8862-41EE93E3C948}.Release|x86.ActiveCfg = Release|Win32
		{05755E14-6896-45BD-8862-41EE93E3C948}.Release|x86.Build.0 = Release|Win32
		{0D1697E9-0544-4252-87AE-A96994534C06}.Debug|x64.ActiveCfg = Debug|x64
		{0D1697E9-0544-4252-87AE-A96994534C06}.Debug|x64.Build.0 = Debug|x64
		{0D1697E9-0544-4252-87AE-A96994534C06}.Debug|x86.ActiveCfg = Debug|Win32
		{0D1697E9-0544-4252-87AE-A96994534C06}.Debug|x86.Build.0 = Debug|Win32
		{0D1697E9-0544-4252-87AE-A96994534C06}.Release|x64.ActiveCfg = Release|x64
		{0D1697E9-0544-4252-87AE-A96994534C06}.Release|x64.Build.0 = Release|x64
		{0D1697E9-0544-4252-87AE-A96994534C06}.Release|x86.ActiveCfg = Release|Win32
		{0D1697E9-0544-4252-87AE-A96994534C06}.Release|x86.Build.0 = Release|Win32
		{28CAEF84-6059-419D-B7D8-AC0872E922B9}.Debug|x64.ActiveCfg = Debug|x64
		{28CAEF84-6059-419D-B7D8-AC0872E922B9}.Debug|x64.Build.0 = Debug|x64
		{28CAEF84-6059-419D-B7D8-AC0872E922B9}.Debug|x86.ActiveCfg = Debug|Win32
		{28CAEF84-6059-419D-B7D8-AC0872E922B9}.Debug|x86.Build.0 = Debug|Win32
		{28CAEF84-6059-419D-B7D8-AC0872E922B9}.Release|x64.ActiveCfg = Release|x64
		{28CAEF84-6059-419D-B7D8-AC0872E922B9}.Release|x64.Build.0 = Release|x64
		{28CAEF84-6059-419D-B7D8-AC0872E922B9}.Release|x86.ActiveCfg = Release|Win32
		{28CAEF84-6059-419D-B7D8-AC0872E922B9}.Release|x86.Build.0 = Release|Win32
		{A5593222-23DA-4FBF-A14D-2DE02300A2A9}.Debug|x64.ActiveCfg = Debug|x64
		{A5593222-23DA-4FBF-A14D-2DE02300A2A9}.Debug|x64.Build.0 = Debug|x64
		{A5593222-23DA-4FBF-A14D-2DE02300A2A9}.Debug|x86.ActiveCfg = Debug|Win32
		{A5593222-23DA-4FBF-A14D-2DE02300A2A9}.Debug|x86.Build.0 = Debug|Win32
		{A5593222-23DA-4FBF-A14D-2DE02300A2A9}.Release|x64.ActiveCfg = Release|x64
		{A5593222-23DA-4FBF-A14D-2DE02300A2A9}.Release|x64.Build.0 = Release|x64
		{A5593222-23DA-4FBF-A14D-2DE02300A2A9}.Release|x86.ActiveCfg = Release|Win32
		{A5593222-23DA-4FBF-A14D-2DE02300A2A9}.Release|x86.Build.0 = Release|Win32
		{AD497FC2-4D51-478F-A83D-53FA9E8A1379}.Debug|x64.ActiveCfg = Debug|x64
		{AD497FC2-4D51-478F-A83D-53FA9E8A1379}.Debug|x64.Build.0 = Debug|x64
		{AD497FC2-4D51-478F-A83D-53FA9E8A1379}.Debug|x86.ActiveCfg = Debug|Win32
		{AD497FC2-4D51-478F-A83D-53FA9E8A1379}.Debug|x86.Build.0 = Debug|Win32
		{AD497FC2-4D51-478F-A83D-53FA9E8A1379}.Release|x64.ActiveCfg = Release|x64
		{AD497FC2-4D51-478F-A83D-53FA9E8A1379}.Release|x64.Build.0 = Release|x64
		{AD497FC2-4D51-478F-A83D-53FA9E8A1379}.Release|x86.ActiveCfg = Release|Win32
		{AD497FC2-4D51-478F-A83D-53FA9E8A1379}.Release|x86.Build.0 = Release|Win32
		{4FB27D98-79F5-40DA-B3F4-F6204C530C74}.Debug|x64.ActiveCfg = Debug|x64
		{4FB27D98-79F5-40DA-B3F4-F6204C530C74}.Debug|x64.Build.0 = Debug|x64
		{4FB27D98-79F5-40DA-B3F4-F6204C530C74}.Debug|x86.ActiveCfg = Debug|Win32
		{4FB27D98-79F5-40DA-B3F4-F6204C530C74}.Debug|x86.Build.0 = Debug|Win32
		{4FB27D98-79F5-40DA-B3F4-F6204C530C74}.Release|x64.ActiveCfg = Release|x64
		{4FB27D98-79F5-40DA-B3F4-F6204C530C74}.Release|x64.Build.0 = Release|x64
		{4FB27D98-79F5-40DA-B3F4-F6204C530C74}.Release|x86.ActiveCfg = Release|Win32
		{4FB27D98-79F5-40DA-B3F4-F6204C530C74}.Release|x86.Build.0 = Release|Win32
		{C5615E30-54D2-42C2-810F-72EA29BD4A7E}.Debug|x64.ActiveCfg = Debug|x64
		{C5615E30-54D2-42C2-810F-72EA29BD4A7E}.Debug|x64.Build.0 = Debug|x64
		{C5615E30-54D2-42C2-810F-72EA29BD4A7E}.Debug|x86.ActiveCfg = Debug|Win32
		{C5615E30-54D2-42C2-810F-72EA29BD4A7E}.Debug|x86.Build.0 = Debug|Win32
		{C5615E30-54D2-42C2-810F-72EA29BD4A7E}.Release|x64.ActiveCfg = Release|x64
		{C5615E30-54D2-42C2-810F-72EA29BD4A7E}.Release|x64.Build.0 = Release|x64
		{C5615E30-54D2-42C2-810F-72EA29BD4A7E}.Release|x86.ActiveCfg = Release|Win32
		{C5615E30-54D2-42C2-810F-72EA29BD4A7E}.Release|x86.Build.0 = Release|Win32
		{630EB80A-F21A-4CAB-86DA-0AE009855DFA}.Debug|x64.ActiveCfg = Debug|x64
		{630EB80A-F21A-4CAB-86DA-0AE009855DFA}.Debug|x64.Build.0 = Debug|x64
		{630EB80A-F21A-4CAB-86DA-0AE009855DFA}.Debug|x86.ActiveCfg = Debug|Win32
		{630EB80A-F21A-4CAB-86DA-0AE009855DFA}.Debug|x86.Build.0 = Debug|Win32
		{630EB80A-F21A-4CAB-86DA-0AE009855DFA}.Release|x64.ActiveCfg = Release|x64
		{630EB80A-F21A-4CAB-86DA-0AE009855DFA}.Release|x64.Build.0 = Release|x64
		{630EB80A-F21A-4CAB-86DA-0AE009855DFA}.Release|x86.ActiveCfg = Release|Win32
		{630EB80A-F21A-4CAB-86DA-0AE009855DFA}.Release|x86.Build.0 = Release|Win32
		{58F938A2-DD03-4713-9DD4-474B7A7B88E9}.Debug|x64.ActiveCfg = Debug|x64
		{58F938A2-DD03-4713-9DD4-474B7A7B88E9}.Debug|x64.Build.0 = Debug|x64
		{58F938A2-DD03-4713-9DD4-474B7A7B88E9}.Debug|x86.ActiveCfg = Debug|Win32
		{58F938A2-DD03-4713-9DD4-474B7A7B88E9}.Debug|x86.Build.0 = Debug|Win32
		{58F938A2-DD03-4713-9DD4-474B7A7B88E9}.Release|x64.ActiveCfg = Release|x64
		{58F938A2-DD03-4713-9DD4-474B7A7B88E9}.Release|x64.Build.0 = Release|x64
		{58F938A2-DD03-4713-9DD4-474B7A7B88E9}.Release|x86.ActiveCfg = Release|Win32
		{58F938A2-DD03-4713-9DD4-474B7A7B88E9}.Release|x86.Build.0 = Release|Win32
		{11DBC95B-E511-4843-BA7E-2651FA5EBEDB}.Debug|x64.ActiveCfg = Debug|x64
		{11DBC95B-E511-4843-BA7E-2651FA5EBEDB}.Debug|x64.Build.0 = Debug|x64
		{11DBC95B-E511-4843-BA7E-2651FA5EBEDB}.Debug|x86.ActiveCfg = Debug|Win32
		{11DBC95B-E511-4843-BA7E-2651FA5EBEDB}.Debug|x86.Build.0 = Debug|Win32
		{11DBC95B-E511-4843-BA7E-2651FA5EBEDB}.Release|x64.ActiveCfg = Release|x64
		{11DBC95B-E511-4843-BA7E-2651FA5EBEDB}.Release|x64.Build.0 = Release|x64
		{11DBC95B-E511-4843-BA7E-2651FA5EBEDB}.Release|x86.ActiveCfg = Release|Win32
		{11DBC95B-E511-4843-BA7E-2651FA5EBEDB}.Release|x86.Build.0 = Release|Win32
		{F2323038-4EB0-4706-96FC-70AD0DEC6E78}.Debug|x64.ActiveCfg = Debug|x64
		{F2323038-4EB0-4706-96FC-70AD0DEC6E78}.Debug|x64.Build.0 = Debug|x64
		{F2323038-4EB0-4706-96FC-70AD0DEC6E78}.Debug|x86.ActiveCfg = Debug|Win32
		{F2323038-4EB0-4706-96FC-70AD0DEC6E78}.Debug|x86.Build.0 = Debug|Win32
		{F2323038-4EB0-4706-96FC-70AD0DEC6E78}.Release|x64.ActiveCfg = Release|x64
		{F2323038-4EB0-4706-96FC-70AD0DEC6E78}.Release|x64.Build.0 = Release|x64
		{F2323038-4EB0-4706-96FC-70AD0DEC6E78}.Release|x86.ActiveCfg = Release|Win32
		{F2323038-4EB0-4706-96FC-70AD0DEC6E78}.Release|x86.Build.0 = Release|Win32
		{25525DD3-1C72-4688-A84E-36CEB1861322}.Debug|x64.ActiveCfg = Debug|x64
		{25525DD3-1C72-4688-A84E-36CEB1861322}.Debug|x64.Build.0 = Debug|x64
		{25525DD3-1C72-4688-A84E-36CEB1861322}.Debug|x86.ActiveCfg = Debug|Win32
		{25525DD3-1C72-4688-A84E-36CEB1861322}.Debug|x86.Build.0 = Debug|Win32
		{25525DD3-1C72-4688-A84E-36CEB1861322}.Release|x64.ActiveCfg = Release|x64
		{25525DD3-1C72-4688-A84E-36CEB1861322}.Release|x64.Build.0 = Release|x64
		{25525DD3-1C72-4688-A84E-36CEB1861322}.Release|x86.ActiveCfg = Release|Win32
		{25525DD3-1C72-4688-A84E-36CEB1861322}.Release|x86.Build.0 = Release|Win32
		{63C9765A-92FE-4C9D-9696-72B62A80D2D9}.Debug|x64.ActiveCfg = Debug|x64
		{63C9765A-92FE-4C9D-9696-72B62A80D2D9}.Debug|x64.Build.0 = Debug|x64
		{63C9765A-92FE-4C9D-9696-72B62A80D2D9}.Debug|x86.ActiveCfg = Debug|Win32
		{63C9765A-92FE-4C9D-9696-72B62A80D2D9}.Debug|x86.Build.0 = Debug|Win32
		{63C9765A-92FE-4C9D-9696-72B62A80D2D9}.Release|x64.ActiveCfg = Release|x64
		{63C9765A-92FE-4C9D-9696-72B62A80D2D9}.Release|x64.Build.0 = Release|x64
		{63C9765A-92FE-4C9D-9696-72B62A80D2D9}.Release|x86.ActiveCfg = Release|Win32
		{63C9765A-92FE-4C9D-9696-72B62A80D2D9}.Release|x86.Build.0 = Release|Win32
		{308D2865-529C-4D7F-9E02-929F9DF07F57}.Debug|x64.ActiveCfg = Debug|x64
		{308D2865-529C-4D7F-9E02-929F9DF07F57}.Debug|x64.Build.0 = Debug|x64
		{308D2865-529C-4D7F-9E02-929F9DF07F57}.Debug|x86.ActiveCfg = Debug|Win32
		{308D2865-529C-4D7F-9E02-929F9DF07F57}.Debug|x86.Build.0 = Debug|Win32
		{308D2865-529C-4D7F-9E02-929F9DF07F57}.Release|x64.ActiveCfg = Release|x64
		{308D2865-529C-4D7F-9E02-929F9DF07F57}.Release|x64.Build.0 = Release|x64
		{308D2865-529C-4D7F-9E02-929F9DF07F57}.Release|x86.ActiveCfg = Release|Win32
		{308D2865-529C-4D7F-9E02-929F9DF07F57}.Release|x86.Build.0 = Release|Win32
		{E0A40E4A-0B5B-449A-8C6B-310413D18DF9}.Debug|x64.ActiveCfg = Debug|x64
		{E0A40E4A-0B5B-449A-8C6B-310413D18DF9}.Debug|x64.Build.0 = Debug|x64
		{E0A40E4A-0B5B-449A-8C6B-310413D18DF9}.Debug|x86.ActiveCfg = Debug|Win32
		{E0A40E4A-0B5B-449A-8C6B-310413D18DF9}.Debug|x86.Build.0 = Debug|Win32
		{E0A40E4A-0B5B-449A-8C6B-310413D18DF9}.Release|x64.ActiveCfg = Release|x64
		{E0A40E4A-0B5B-449A-8C6B-310413D18DF9}.Release|x64.Build.0 = Release|x64
		{E0A40E4A-0B5B-449A-8C6B-310413D18DF9}.Release|x86.ActiveCfg = Release|Win32
		{E0A40E4A-0B5B-449A-8C6B-310413D18DF9}.Release|x86.Build.0 = Release|Win32
		{24DFE549-A9EC-4170-B750-9037865A2819}.Debug|x64.ActiveCfg = Debug|x64
		{24DFE549-A9EC-4170-B750-9037865A2819}.Debug|x64.Build.0 = Debug|x64
		{24DFE549-A9EC-4170-B750-9037865A2819}.Debug|x86.ActiveCfg = Debug|Win32
		{24DFE549-A9EC-4170-B750-9037865A2819}.Debug|x86.Build.0 = Debug|Win32
		{24DFE549-A9EC-4170-B750-9037865A2819}.Release|x64.ActiveCfg = Release|x64
		{24DFE549-A9EC-4170-B750-9037865A2819}.Release|x64.Build.0 = Release|x64
		{24DFE549-A9EC-4170-B750-9037865A2819}.Release|x86.ActiveCfg = Release|Win32
		{24DFE549-A9EC-4170-B750-9037865A2819}.Release|x86.Build.0 = Release|Win32
		{3C2BFDC4-F981-4060-9314-897DCF50C286}.Debug|x64.ActiveCfg = Debug|x64
		{3C2BFDC4-F981-4060-9314-897DCF50C286}.Debug|x64.Build.0 = Debug|x64
		{3C2BFDC4-F981-4060-9314-897DCF50C286}.Debug|x86.ActiveCfg = Debug|Win32
		{3C2BFDC4-F981-4060-9314-897DCF50C286}.Debug|x86.Build.0 = Debug|Win32
		{3C2BFDC4-F981-4060-9314-897DCF50C286}.Release|x64.ActiveCfg = Release|x64
		{3C2BFDC4-F981-4060-9314-897DCF50C286}.Release|x64.Build.0 = Release|x64
		{3C2BFDC4-F981-4060-9314-897DCF50C286}.Release|x86.ActiveCfg = Release|Win32
		{3C2BFDC4-F981-4060-9314-897DCF50C286}.Release|x86.Build.0 = Release|Win32
		{2E4B7C64-7F35-4354-A3F5-0025E800F889}.Debug|x64.ActiveCfg = Debug|x64
		{2E4B7C64-7F35-4354-A3F5-0025E800F889}.Debug|x64.Build.0 = Debug|x64
		{2E4B7C64-7F35-4354-A3F5-0025E800F889}.Debug|x86.ActiveCfg = Debug|Win32
		{2E4B7C64-7F35-4354-A3F5-0025E800F889}.Debug|x86.Build.0 = Debug|Win32
		{2E4B7C64-7F35-4354-A3F5-0025E800F889}.Release|x64.ActiveCfg = Release|x64
		{2E4B7C64-7F35-4354-A3F5-0025E800F889}.Release|x64.Build.0 = Release|x64
		{2E4B7C64-7F35-4354-A3F5-0025E800F889}.Release|x86.ActiveCfg = Release|Win32
		{2E4B7C64-7F35-4354-A3F5-0025E800F889}.Release|x86.Build.0 = Release|Win32
		{7229A797-DA0B-4D63-824F-93F9F8A31F14}.Debug|x64.ActiveCfg = Debug|x64
		{7229A797-DA0B-4D63-824F-93F9F8A31F14}.Debug|x64.Build.0 = Debug|x64
		{7229A797-DA0B-4D63-824F-93F9F8A31F14}.Debug|x86.ActiveCfg = Debug|Win32
		{7229A797-DA0B-4D63-824F-93F9F8A31F14}.Debug|x86.Build.0 = Debug|Win32
		{7229A797-DA0B-4D63-824F-93F9F8A31F14}.Release|x64.ActiveCfg = Release|x64
		{7229A797-DA0B-4D63-824F-93F9F8A31F14}.Release|x64.Build.0 = Release|x64
		{7229A797-DA0B-4D63-824F-93F9F8A31F14}.Release|x86.ActiveCfg = Release|Win32
		{7229A797-DA0B-4D63-824F-93F9F8A31F14}.Release|x86.Build.0 = Release|Win32
		{65989D5E-35EF-4872-8C2D-025015E8B1C0}.Debug|x64.ActiveCfg = Debug|x64
		{65989D5E-35EF-4872-8C2D-025015E8B1C0}.Debug|x64.Build.0 = Debug|x64
		{65989D5E-35EF-4872-8C2D-025015E8B1C0}.Debug|x86.ActiveCfg = Debug|Win32
		{65989D5E-35EF-4872-8C2D-025015E8B1C0}.Debug|x86.Build.0 = Debug|Win32
		{65989D5E-35EF-4872-8C2D-025015E8B1C0}.Release|x64.ActiveCfg = Release|x64
		{65989D5E-35EF-4872-8C2D-025015E8B1C0}.Release|x64.Build.0 = Release|x64
		{65989D5E-35EF-4872-8C2D-025015E8B1C0}.Release|x86.ActiveCfg = Release|Win32
		{65989D5E-35EF-4872-8C2D-025015E8B1C0}.Release|x86.Build.0 = Release|Win32
		{87B7E7EB-4228-499E-A6C8-AA13AD7F09B7}.Debug|x64.ActiveCfg = Debug|x64
		{87B7E7EB-4228-499E-A6C8-AA13AD7F09B7}.Debug|x64.Build.0 = Debug|x64
		{87B7E7EB-4228-499E-A6C8-AA13AD7F09B7}.Debug|x86.ActiveCfg = Debug|Win32
		{87B7E7EB-4228-499E-A6C8-AA13AD7F09B7}.Debug|x86.Build.0 = Debug|Win32
		{87B7E7EB-4228-499E-A6C8-AA13AD7F09B7}.Release|x64.ActiveCfg = Release|x64
		{87B7E7EB-4228-499E-A6C8-AA13AD7F09B7}.Release|x64.Build.0 = Release|x64
		{87B7E7EB-4228-499E-A6C8-AA13AD7F09B7}.Release|x86.ActiveCfg = Release|Win32
		{87B7E7EB-4228-499E-A6C8-AA13AD7F09B7}.Release|x86.Build.0 = Release|Win32
		{F0F7BFB3-4E38-4922-A5AD-86641E3B6EAA}.Debug|x64.ActiveCfg = Debug|x64
		{F0F7BFB3-4E38-4922-A5AD-86641E3B6EAA}.Debug|x64.Build.0 = Debug|x64
		{F0F7BFB3-4E38-4922-A5AD-86641E3B6EAA}.Debug|x86.ActiveCfg = Debug|Win32
		{F0F7BFB3-4E38-4922-A5AD-86641E3B6EAA}.Debug|x86.Build.0 = Debug|Win32
		{F0F7BFB3-4E38-4922-A5AD-86641E3B6EAA}.Release|x64.ActiveCfg = Release|x64
		{F0F7BFB3-4E38-4922-A5AD-86641E3B6EAA}.Release|x64.Build.0 = Release|x64
		{F0F7BFB3-4E38-4922-A5AD-86641E3B6EAA}.Release|x86.ActiveCfg = Release|Win32
		{F0F7BFB3-4E38-4922-A5AD-86641E3B6EAA}.Release|x86.Build.0 = Release|Win32
		{8E5A1E36-3764-413B-A6FF-C184D83B94C0}.Debug|x64.ActiveCfg = Debug|x64
		{8E5A1E36-3764-413B-A6FF-C184D83B94C0}.Debug|x64.Build.0 = Debug|x64
		{8E5A1E36-3764-413B-A6FF-C184D83B94C0}.Debug|x86.ActiveCfg = Debug|Win32
		{8E5A1E36-3764-413B-A6FF-C184D83B94C0}.Debug|x86.Build.0 = Debug|Win32
		{8E5A1E36-3764-413B-A6FF-C184D83B94C0}.Release|x64.ActiveCfg = Release|x64
		{8E5A1E36-3764-413B-A6FF-C184D83B94C0}.Release|x64.Build.0 = Release|x64
		{8E5A1E36-3764-413B-A6FF-C184D83B94C0}.Release|x86.ActiveCfg = Release|Win32
		{8E5A1E36-3764-413B-A6FF-C184D83B94C0}.Release|x86.Build.0 = Release|Win32
		{B9BA54BA-CF41-4438-8898-FFB9836CE3AA}.Debug|x64.ActiveCfg = Debug|x64
		{B9BA54BA-CF41-4438-8898-FFB9836CE3AA}.Debug|x64.Build.0 = Debug|x64
		{B9BA54BA-CF41-4438-8898-FFB9836CE3AA}.Debug|x86.ActiveCfg = Debug|Win32
		{B9BA54BA-CF41-4438-8898-FFB9836CE3AA}.Debug|x86.Build.0 = Debug|Win32
		{B9BA54BA-CF41-4438-8898-FFB9836CE3AA}.Release|x64.ActiveCfg = Release|x64
		{B9BA54BA-CF41-4438-8898-FFB9836CE3AA}.Release|x64.Build.0 = Release|x64
		{B9BA54BA-CF41-4438-8898-FFB9836CE3AA}.Release|x86.ActiveCfg = Release|Win32
		{B9BA54BA-CF41-4438-8898-FFB9836CE3AA}.Release|x86.Build.0 = Release|Win32
		{2AB207C1-639F-4E42-BB4B-E0AE3347DF9A}.Debug|x64.ActiveCfg = Debug|x64
		{2AB207C1-639F-4E42-BB4B-E0AE3347DF9A}.Debug|x64.Build.0 = Debug|x64
		{2AB207C1-639F-4E42-BB4B-E0AE3347DF9A}.Debug|x86.ActiveCfg = Debug|Win32
		{2AB207C1-639F-4E42-BB4B-E0AE3347DF9A}.Debug|x86.Build.0 = Debug|Win32
		{2AB207C1-639F-4E42-BB4B-E0AE3347DF9A}.Release|x64.ActiveCfg = Release|x64
		{2AB207C1-639F-4E42-BB4B-E0AE3347DF9A}.Release|x64.Build.0 = Release|x64
		{2AB207C1-639F-4E42-BB4B-E0AE3347DF9A}.Release|x86.ActiveCfg = Release|Win32
		{2AB207C1-639F-4E42-BB4B-E0AE3347DF9A}.Release|x86.Build.0 = Release|Win32
		{7D1FDAD0-784A-4C3B-9909-5B56A3F0447F}.Debug|x64.ActiveCfg = Debug|x64
		{7D1FDAD0-784A-4C3B-9909-5B56A3F0447F}.Debug|x64.Build.0 = Debug|x64
		{7D1FDAD0-784A-4C3B-9909-5B56A3F0447F}.Debug|x86.ActiveCfg = Debug|Win32
		{7D1FDAD0-784A-4C3B-9909-5B56A3F0447F}.Debug|x86.Build.0 = Debug|Win32
		{7D1FDAD0-784A-4C3B-9909-5B56A3F0447F}.Release|x64.ActiveCfg = Release|x64
		{7D1FDAD0-784A-4C3B-9909-5B56A3F0447F}.Release|x64.Build.0 = Release|x64
		{7D1FDAD0-784A-4C3B-9909-5B56A3F0447F}.Release|x86.ActiveCfg = Release|Win32
		{7D1FDAD0-784A-4C3B-9909-5B56A3F0447F}.Release|x86.Build.0 = Release|Win32
		{211353BA-CE11-4BF3-A978-624AEACC803B}.Debug|x64.ActiveCfg = Debug|x64
		{211353BA-CE11-4BF3-A978-624AEACC803B}.Debug|x64.Build.0 = Debug|x64
		{211353BA-CE11-4BF3-A978-624AEACC803B}.Debug|x86.ActiveCfg = Debug|Win32
		{211353BA-CE11-4BF3-A978-624AEACC803B}.Debug|x86.Build.0 = Debug|Win32
		{211353BA-CE11-4BF3-A978-624AEACC803B}.Release|x64.ActiveCfg = Release|x64
		{211353BA-CE11-4BF3-A978-624AEACC803B}.Release|x64.Build.0 = Release|x64
		{211353BA-CE11-4BF3-A978-624AEACC803B}.Release|x86.ActiveCfg = Release|Win32
		{211353BA-CE11-4BF3-A978-624AEACC803B}.Release|x86.Build.0 = Release|Win32
		{39E19418-1E97-4045-BEA0-A845831CADF5}.Debug|x64.ActiveCfg = Debug|x64
		{39E19418-1E97-4045-BEA0-A845831CADF5}.Debug|x64.Build.0 = Debug|x64
		{39E19418-1E97-4045-BEA0-A845831CADF5}.Debug|x86.ActiveCfg = Debug|Win32
		{39E19418-1E97-4045-BEA0-A845831CADF5}.Debug|x86.Build.0 = Debug|Win32
		{39E19418-1E97-4045-BEA0-A845831CADF5}.Release|x64.ActiveCfg = Release|x64
		{39E19418-1E97-4045-BEA0-A845831CADF5}.Release|x64.Build.0 = Release|x64
		{39E19418-1E97-4045-BEA0-A845831CADF5}.Release|x86.ActiveCfg = Release|Win32
		{39E19418-1E97-4045-BEA0-A845831CADF5}.Release|x86.Build.0 = Release|Win32
		{BDE9B3D1-3C9F-4E37-AF3C-27A9574778F3}.Debug|x64.ActiveCfg = Debug|x64
		{BDE9B3D1-3C9F-4E37-AF3C-27A9574778F3}.Debug|x64.Build.0 = Debug|x64
		{BDE9B3D1-3C9F-4E37-AF3C-27A9574778F3}.Debug|x86.ActiveCfg = Debug|Win32
		{BDE9B3D1-3C9F-4E37-AF3C-27A9574778F3}.Debug|x86.Build.0 = Debug|Win32
		{BDE9B3D1-3C9F-4E37-AF3C-27A9574778F3}.Release|x64.ActiveCfg = Release|x64
		{BDE9B3D1-3C9F-4E37-AF3C-27A9574778F3}.Release|x64.Build.0 = Release|x64
		{BDE9B3D1-3C9F-4E37-AF3C-27A9574778F3}.Release|x86.ActiveCfg = Release|Win32
		{BDE9B3D1-3C9F-4E37-AF3C-27A9574778F3}.Release|x86.Build.0 = Release|Win32
		{586C8BB2-BB6A-4FD7-8630-BC66CCF7B374}.Debug|x64.ActiveCfg = Debug|x64
		{586C8BB2-BB6A-4FD7-8630-BC66CCF7B374}.Debug|x64.Build.0 = Debug|x64
		{586C8BB2-BB6A-4FD7-8630-BC66CCF7B374}.Debug|x86.ActiveCfg = Debug|Win32
		{586C8BB2-BB6A-4FD7-8630-BC66CCF7B374}.Debug|x86.Build.0 = Debug|Win32
		{586C8BB2-BB6A-4FD7-8630-BC66CCF7B374}.Release|x64.ActiveCfg = Release|x64
		{586C8BB2-BB6A-4FD7-8630-BC66CCF7B374}.Release|x64.Build.0 = Release|x64
		{586C8BB2-BB6A-4FD7-8630-BC66CCF7B374}.Release|x86.ActiveCfg = Release|Win32
		{586C8BB2-BB6A-4FD7-8630-BC66CCF7B374}.Release|x86.Build.0 = Release|Win32
		{683824D5-1079-4505-8D33-C54C566A6C16}.Debug|x64.ActiveCfg = Debug|x64
		{683824D5-1079-4505-8D33-C54C566A6C16}.Debug|x64.Build.0 = Debug|x64
		{683824D5-1079-4505-8D33-C54C566A6C16}.Debug|x86.ActiveCfg = Debug|Win32
		{683824D5-1079-4505-8D33-C54C566A6C16}.Debug|x86.Build.0 = Debug|Win32
		{683824D5-1079-4505-8D33-C54C566A6C16}.Release|x64.ActiveCfg = Release|x64
		{683824D5-1079-4505-8D33-C54C566A6C16}.Release|x64.Build.0 = Release|x64
		{683824D5-1079-4505-8D33-C54C566A6C16}.Release|x86.ActiveCfg = Release|Win32
		{683824D5-1079-4505-8D33-C54C566A6C16}.Release|x86.Build.0 = Release|Win32
		{45763032-2F14-475F-818B-17FE8BC3C073}.Debug|x64.ActiveCfg = Debug|x64
		{45763032-2F14-475F-818B-17FE8BC3C073}.Debug|x64.Build.0 = Debug|x64
		{45763032-2F14-475F-818B-17FE8BC3C073}.Debug|x86.ActiveCfg = Debug|Win32
		{45763032-2F14-475F-818B-17FE8BC3C073}.Debug|x86.Build.0 = Debug|Win32
		{45763032-2F14-475F-818B-17FE8BC3C073}.Release|x64.ActiveCfg = Release|x64
		{45763032-2F14-475F-818B-17FE8BC3C073}.Release|x64.Build.0 = Release|x64
		{45763032-2F14-475F-818B-17FE8BC3C073}.Release|x86.ActiveCfg = Release|Win32
		{45763032-2F14-475F-818B-17FE8BC3C073}.Release|x86.Build.0 = Release|Win32
		{A68759DC-5037-4D33-AFB4-E2940AC10457}.Debug|x64.ActiveCfg = Debug|x64
		{A68759DC-5037-4D33-AFB4-E2940AC10457}.Debug|x64.Build.0 = Debug|x64
		{A68759DC-5037-4D33-AFB4-E2940AC10457}.Debug|x86.ActiveCfg = Debug|Win32
		{A68759DC-5037-4D33-AFB4-E2940AC10457}.Debug|x86.Build.0 = Debug|Win32
		{A68759DC-5037-4D33-AFB4-E2940AC10457}.Release|x64.ActiveCfg = Release|x64
		{A68759DC-5037-4D33-AFB4-E2940AC10457}.Release|x64.Build.0 = Release|x64
		{A68759DC-5037-4D33-AFB4-E2940AC10457}.Release|x86.ActiveCfg = Release|Win32
		{A68759DC-5037-4D33-AFB4-E2940AC10457}.Release|x86.Build.0 = Release|Win32
		{6F3C9C69-8EA7-49AF-9050-56B4A3E47003}.Debug|x64.ActiveCfg = Debug|x64
		{6F3C9C69-8EA7-49AF-9050-56B4A3E47003}.Debug|x64.Build.0 = Debug|x64
		{6F3C9C69-8EA7-49AF-9050-56B4A3E47003}.Debug|x86.ActiveCfg = Debug|Win32
		{6F3C9C69-8EA7-49AF-9050-56B4A3E47003}.Debug|x86.Build.0 = Debug|Win32
		{6F3C9C69-8EA7-49AF-9050-56B4A3E47003}.Release|x64.ActiveCfg = Release|x64
		{6F3C9C69-8EA7-49AF-9050-56B4A3E47003}.Release|x64.Build.0 = Release|x64
		{6F3C9C69-8EA7-49AF-9050-56B4A3E47003}.Release|x86.ActiveCfg = Release|Win32
		{6F3C9C69-8EA7-49AF-9050-56B4A3E47003}.Release|x86.Build.0 = Release|Win32
		{E587CBD9-8BB7-4B42-B365-E9271C964D12}.Debug|x64.ActiveCfg = Debug|x64
		{E587CBD9-8BB7-4B42-B365-E9271C964D12}.Debug|x64.Build.0 = Debug|x64
		{E587CBD9-8BB7-4B42-B365-E9271C964D12}.Debug|x86.ActiveCfg = Debug|Win32
		{E587CBD9-8BB7-4B42-B365-E9271C964D12}.Debug|x86.Build.0 = Debug|Win32
		{E587CBD9-8BB7-4B42-B365-E9271C964D12}.Release|x64.ActiveCfg = Release|x64
		{E587CBD9-8BB7-4B42-B365-E9271C964D12}.Release|x64.Build.0 = Release|x64
		{E587CBD9-8BB7-4B42-B365-E9271C964D12}.Release|x86.ActiveCfg = Release|Win32
		{E587CBD9-8BB7-4B42-B365-E9271C964D12}.Release|x86.Build.0 = Release|Win32
		{92B41A21-0213-4A91-95E4-17E426EA02E4}.Debug|x64.ActiveCfg = Debug|x64
		{92B41A21-0213-4A91-95E4-17E426EA02E4}.Debug|x64.Build.0 = Debug|x64
		{92B41A21-0213-4A91-95E4-17E426EA02E4}.Debug|x86.ActiveCfg = Debug|Win32
		{92B41A21-0213-4A91-95E4-17E426EA02E4}.Debug|x86.Build.0 = Debug|Win32
		{92B41A21-0213-4A91-95E4-17E426EA02E4}.Release|x64.ActiveCfg = Release|x64
		{92B41A21-0213-4A91-95E4-17E426EA02E4}.Release|x64.Build.0 = Release|x64
		{92B41A21-0213-4A91-95E4-17E426EA02E4}.Release|x86.ActiveCfg = Release|Win32
		{92B41A21-0213-4A91-95E4-17E426EA02E4}.Release|x86.Build.0 = Release|Win32
		{18A8D4CF-E817-4AC3-97B7-3EA81B9CC5F6}.Debug|x64.ActiveCfg = Debug|x64
		{18A8D4CF-E817-4AC3-97B7-3EA81B9CC5F6}.Debug|x64.Build.0 = Debug|x64
		{18A8D4CF-E817-4AC3-97B7-3EA81B9CC5F6}.Debug|x86.ActiveCfg = Debug|Win32
		{18A8D4CF-E817-4AC3-97B7-3EA81B9CC5F6}.Debug|x86.Build.0 = Debug|Win32
		{18A8D4CF-E817-4AC3-97B7-3EA81B9CC5F6}.Release|x64.ActiveCfg = Release|x64
		{18A8D4CF-E817-4AC3-97B7-3EA81B9CC5F6}.Release|x64.Build.0 = Release|x64
		{18A8D4CF-E817-4AC3-97B7-3EA81B9CC5F6}.Release|x86.ActiveCfg = Release|Win32
		{18A8D4CF-E817-4AC3-97B7-3EA81B9CC5F6}.Release|x86.Build.0 = Release|Win32
		{6055651A-6A37-4D99-B882-9CB0422B6311}.Debug|x64.ActiveCfg = Debug|x64
		{6055651A-6A37-4D99-B882-9CB0422B6311}.Debug|x64.Build.0 = Debug|x64
		{6055651A-6A37-4D99-B882-9CB0422B6311}.Debug|x86.ActiveCfg = Debug|Win32
		{6055651A-6A37-4D99-B882-9CB0422B6311}.Debug|x86.Build.0 = Debug|Win32
		{6055651A-6A37-4D99-B882-9CB0422B6311}.Release|x64.ActiveCfg = Release|x64
		{6055651A-6A37-4D99-B882-9CB0422B6311}.Release|x64.Build.0 = Release|x64
		{6055651A-6A37-4D99-B882-9CB0422B6311}.Release|x86.ActiveCfg = Release|Win32
		{6055651A-6A37-4D99-B882-9CB0422B6311}.Release|x86.Build.0 = Release|Win32
		{540A50CD-347A-4D69-B28F-9587EE4A7FA9}.Debug|x64.ActiveCfg = Debug|x64
		{540A50CD-347A-4D69-B28F-9587EE4A7FA9}.Debug|x64.Build.0 = Debug|x64
		{540A50CD-347A-4D69-B28F-9587EE4A7FA9}.Debug|x86.ActiveCfg = Debug|Win32
		{540A50CD-347A-4D69-B28F-9587EE4A7FA9}.Debug|x86.Build.0 = Debug|Win32
		{540A50CD-347A-4D69-B28F-9587EE4A7FA9}.Release|x64.ActiveCfg = Release|x64
		{540A50CD-347A-4D69-B28F-9587EE4A7FA9}.Release|x64.Build.0 = Release|x64
		{540A50CD-347A-4D69-B28F-9587EE4A7FA9}.Release|x86.ActiveCfg = Release|Win32
		{540A50CD-347A-4D69-B28F-9587EE4A7FA9}.Release|x86.Build.0 = Release|Win32
		{A85BD82B-9E35-4435-B390-BE962BFC1494}.Debug|x64.ActiveCfg = Debug|x64
		{A85BD82B-9E35-4435-B390-BE962BFC1494}.Debug|x64.Build.0 = Debug|x64
		{A85BD82B-9E35-4435-B390-BE962BFC1494}.Debug|x86.ActiveCfg = Debug|Win32
		{A85BD82B-9E35-4435-B390-BE962BFC1494}.Debug|x86.Build.0 = Debug|Win32
		{A85BD82B-9E35-4435-B390-BE962BFC1494}.Release|x64.ActiveCfg = Release|x64
		{A85BD82B-9E35-4435-B390-BE962BFC1494}.Release|x64.Build.0 = Release|x64
		{A85BD82B-9E35-4435-B390-BE962BFC1494}.Release|x86.ActiveCfg = Release|Win32
		{A85BD82B-9E35-4435-B390-BE962BFC1494}.Release|x86.Build.0 = Release|Win32
		{86FCA4A2-D978-4CD6-9427-8C32781C2402}.Debug|x64.ActiveCfg = Debug|x64
		{86FCA4A2-D978-4CD6-9427-8C32781C2402}.Debug|x64.Build.0 = Debug|x64
		{86FCA4A2-D978-4CD6-9427-8C32781C2402}.Debug|x86.ActiveCfg = Debug|Win32
		{86FCA4A2-D978-4CD6-9427-8C32781C2402}.Debug|x86.Build.0 = Debug|Win32
		{86FCA4A2-D978-4CD6-9427-8C32781C2402}.Release|x64.ActiveCfg = Release|x64
		{86FCA4A2-D978-4CD6-9427-8C32781C2402}.Release|x64.Build.0 = Release|x64
		{86FCA4A2-D978-4CD6-9427-8C32781C2402}.Release|x86.ActiveCfg = Release|Win32
		{86FCA4A2-D978-4CD6-9427-8C32781C2402}.Release|x86.Build.0 = Release|Win32
		{BDEC8ACF-A5A3-4660-A388-F4E8B7B0812D}.Debug|x64.ActiveCfg = Debug|x64
		{BDEC8ACF-A5A3-4660-A388-F4E8B7B0812D}.Debug|x64.Build.0 = Debug|x64
		{BDEC8ACF-A5A3-4660-A388-F4E8B7B0812D}.Debug|x86.ActiveCfg = Debug|Win32
		{BDEC8ACF-A5A3-4660-A388-F4E8B7B0812D}.Debug|x86.Build.0 = Debug|Win32
		{BDEC8ACF-A5A3-4660-A388-F4E8B7B0812D}.Release|x64.ActiveCfg = Release|x64
		{BDEC8ACF-A5A3-4660-A388-F4E8B7B0812D}.Release|x64.Build.0 = Release|x64
		{BDEC8ACF-A5A3-4660-A388-F4E8B7B0812D}.Release|x86.ActiveCfg = Release|Win32
		{BDEC8ACF-A5A3-4660-A388-F4E8B7B0812D}.Release|x86.Build.0 = Release|Win32
		{2078685C-EC8B-4F02-980D-0A28A1671A41}.Debug|x64.ActiveCfg = Debug|x64
		{2078685C-EC8B-4F02-980D-0A28A1671A41}.Debug|x64.Build.0 = Debug|x64
		{2078685C-EC8B-4F02-980D-0A28A1671A41}.Debug|x86.ActiveCfg = Debug|Win32
		{2078685C-EC8B-4F02-980D-0A28A1671A41}.Debug|x86.Build.0 = Debug|Win32
		{2078685C-EC8B-4F02-980D-0A28A1671A41}.Release|x64.ActiveCfg = Release|x64
		{2078685C-EC8B-4F02-980D-0A28A1671A41}.Release|x64.Build.0 = Release|x64
		{2078685C-EC8B-4F02-980D-0A28A1671A41}.Release|x86.ActiveCfg = Release|Win32
		{2078685C-EC8B-4F02-980D-0A28A1671A41}.Release|x86.Build.0 = Release|Win32
		{8A605185-B87E-4508-898A-CE712EEAD611}.Debug|x64.ActiveCfg = Debug|x64
		{8A605185-B87E-4508-898A-CE712EEAD611}.Debug|x64.Build.0 = Debug|x64
		{8A605185-B87E-4508-898A-CE712EEAD611}.Debug|x86.ActiveCfg = Debug|Win32
		{8A605185-B87E-4508-898A-CE712EEAD611}.Debug|x86.Build.0 = Debug|Win32
		{8A605185-B87E-4508-898A-CE712EEAD611}.Release|x64.ActiveCfg = Release|x64
		{8A605185-B87E-4508-898A-CE712EEAD611}.Release|x64.Build.0 = Release|x64
		{8A605185-B87E-4508-898A-CE712EEAD611}.Release|x86.ActiveCfg = Release|Win32
		{8A605185-B87E-4508-898A-CE712EEAD611}.Release|x86.Build.0 = Release|Win32
		{3598C7DE-FDD5-4FF1-ACAB-CDB061A100C3}.Debug|x64.ActiveCfg = Debug|x64
		{3598C7DE-FDD5-4FF1-ACAB-CDB061A100C3}.Debug|x64.Build.0 = Debug|x64
		{3598C7DE-FDD5-4FF1-ACAB-CDB061A100C3}.Debug|x86.ActiveCfg = Debug|Win32
		{3598C7DE-FDD5-4FF1-ACAB-CDB061A100C3}.Debug|x86.Build.0 = Debug|Win32
		{3598C7DE-FDD5-4FF1-ACAB-CDB061A100C3}.Release|x64.ActiveCfg = Release|x64
		{3598C7DE-FDD5-4FF1-ACAB-CDB061A100C3}.Release|x64.Build.0 = Release|x64
		{3598C7DE-FDD5-4FF1-ACAB-CDB061A100C3}.Release|x86.ActiveCfg = Release|Win32
		{3598C7DE-FDD5-4FF1-ACAB-CDB061A100C3}.Release|x86.Build.0 = Release|Win32
		{52057D15-BDDB-493B-AA26-15A4E7AB1871}.Debug|x64.ActiveCfg = Debug|x64
		{52057D15-BDDB-493B-AA26-15A4E7AB1871}.Debug|x64.Build.0 = Debug|x64
		{52057D15-BDDB-493B-AA26-15A4E7AB1871}.Debug|x86.ActiveCfg = Debug|Win32
		{52057D15-BDDB-493B-AA26-15A4E7AB1871}.Debug|x86.Build.0 = Debug|Win32
		{52057D15-BDDB-493B-AA26-15A4E7AB1871}.Release|x64.ActiveCfg = Release|x64
		{52057D15-BDDB-493B-AA26-15A4E7AB1871}.Release|x64.Build.0 = Release|x64
		{52057D15-BDDB-493B-AA26-15A4E7AB1871}.Release|x86.ActiveCfg = Release|Win32
		{52057D15-BDDB-493B-AA26-15A4E7AB1871}.Release|x86.Build.0 = Release|Win32
		{EB8F3568-55A9-491F-8F8D-1824DE47D3FD}.Debug|x64.ActiveCfg = Debug|x64
		{EB8F3568-55A9-491F-8F8D-1824DE47D3FD}.Debug|x64.Build.0 = Debug|x64
		{EB8F3568-55A9-491F-8F8D-1824DE47D3FD}.Debug|x86.ActiveCfg = Debug|Win32
		{EB8F3568-55A9-491F-8F8D-1824DE47D3FD}.Debug|x86.Build.0 = Debug|Win32
		{EB8F3568-55A9-491F-8F8D-1824DE47D3FD}.Release|x64.ActiveCfg = Release|x64
		{EB8F3568-55A9-491F-8F8D-1824DE47D3FD}.Release|x64.Build.0 = Release|x64
		{EB8F3568-55A9-491F-8F8D-1824DE47D3FD}.Release|x86.ActiveCfg = Release|Win32
		{EB8F3568-55A9-491F-8F8D-1824DE47D3FD}.Release|x86.Build.0 = Release|Win32
		{86218A16-5085-4083-88D4-9DD63CF47036}.Debug|x64.ActiveCfg = Debug|x64
		{86218A16-5085-4083-88D4-9DD63CF47036}.Debug|x64.Build.0 = Debug|x64
		{86218A16-5085-4083-88D4-9DD63CF47036}.Debug|x86.ActiveCfg = Debug|Win32
		{86218A16-5085-4083-88D4-9DD63CF47036}.Debug|x86.Build.0 = Debug|Win32
		{86218A16-5085-4083-88D4-9DD63CF47036}.Release|x64.ActiveCfg = Release|x64
		{86218A16-5085-4083-88D4-9DD63CF47036}.Release|x64.Build.0 = Release|x64
		{86218A16-5085-4083-88D4-9DD63CF47036}.Release|x86.ActiveCfg = Release|Win32
		{86218A16-5085-4083-88D4-9DD63CF47036}.Release|x86.Build.0 = Release|Win32
		{2D940790-FF33-4FA6-817E-9AF23F30053A}.Debug|x64.ActiveCfg = Debug|x64
		{2D940790-FF33-4FA6-817E-9AF23F30053A}.Debug|x64.Build.0 = Debug|x64
		{2D940790-FF33-4FA6-817E-9AF23F30053A}.Debug|x86.ActiveCfg = Debug|Win32
		{2D940790-FF33-4FA6-817E-9AF23F30053A}.Debug|x86.Build.0 = Debug|Win32
		{2D940790-FF33-4FA6-817E-9AF23F30053A}.Release|x64.ActiveCfg = Release|x64
		{2D940790-FF33-4FA6-817E-9AF23F30053A}.Release|x64.Build.0 = Release|x64
		{2D940790-FF33-4FA6-817E-9AF23F30053A}.Release|x86.ActiveCfg = Release|Win32
		{2D940790-FF33-4FA6-817E-9AF23F30053A}.Release|x86.Build.0 = Release|Win32
		{8EE79D56-74C3-4861-8238-0F1DD98C4BB6}.Debug|x64.ActiveCfg = Debug|x64
		{8EE79D56-74C3-4861-8238-0F1DD98C4BB6}.Debug|x64.Build.0 = Debug|x64
		{8EE79D56-74C3-4861-8238-0F1DD98C4BB6}.Debug|x86.ActiveCfg = Debug|Win32
		{8EE79D56-74C3-4861-8238-0F1DD98C4BB6}.Debug|x86.Build.0 = Debug|Win32
		{8EE79D56-74C3-4861-8238-0F1DD98C4BB6}.Release|x64.ActiveCfg = Release|x64
		{8EE79D56-74C3-4861-8238-0F1DD98C4BB6}.Release|x64.Build.0 = Release|x64
		{8EE79D56-74C3-4861-8238-0F1DD98C4BB6}.Release|x86.ActiveCfg = Release|Win32
		{8EE79D56-74C3-4861-8238-0F1DD98C4BB6}.Release|x86.Build.0 = Release|Win32
		{8627AF1A-7DD5-4A50-8AA0-BD9AA1D8B3F7}.Debug|x64.ActiveCfg = Debug|x64
		{8627AF1A-7DD5-4A50-8AA0-BD9AA1D8B3F7}.Debug|x64.Build.0 = Debug|x64
		{8627AF1A-7DD5-4A50-8AA0-BD9AA1D8B3F7}.Debug|x86.ActiveCfg = Debug|Win32
		{8627AF1A-7DD5-4A50-8AA0-BD9AA1D8B3F7}.Debug|x86.Build.0 = Debug|Win32
		{8627AF1A-7DD5-4A50-8AA0-BD9AA1D8B3F7}.Release|x64.ActiveCfg = Release|x64
		{8627AF1A-7DD5-4A50-8AA0-BD9AA1D8B3F7}.Release|x64.Build.0 = Release|x64
		{8627AF1A-7DD5-4A50-8AA0-BD9AA1D8B3F7}.Release|x86.ActiveCfg = Release|Win32
		{8627AF1A-7DD5-4A50-8AA0-BD9AA1D8B3F7}.Release|x86.Build.0 = Release|Win32
		{F0AAF60A-E1C0-43F1-AA67-6A266A6DAD83}.Debug|x64.ActiveCfg = Debug|x64
		{F0AAF60A-E1C0-43F1-AA67-6A266A6DAD83}.Debug|x64.Build.0 = Debug|x64
		{F0AAF60A-E1C0-43F1-AA67-6A266A6DAD83}.Debug|x86.ActiveCfg = Debug|Win32
		{F0AAF60A-E1C0-43F1-AA67-6A266A6DAD83}.Debug|x86.Build.0 = Debug|Win32
		{F0AAF60A-E1C0-43F1-AA67-6A266A6DAD83}.Release|x64.ActiveCfg = Release|x64
		{F0AAF60A-E1C0-43F1-AA67-6A266A6DAD83}.Release|x64.Build.0 = Release|x64
		{F0AAF60A-E1C0-43F1-AA67-6A266A6DAD83}.Release|x86.ActiveCfg = Release|Win32
		{F0AAF60A-E1C0-43F1-AA67-6A266A6DAD83}.Release|x86.Build.0 = Release|Win32
	EndGlobalSection
	GlobalSection(SolutionProperties) = preSolution
		HideSolutionNode = FALSE
	EndGlobalSection
	GlobalSection(NestedProjects) = preSolution
		{89D2C923-1A4D-492B-AFC7-ECB3285886A0} = {B71256EA-C706-4E66-94B1-7AFEB3B672D6}
		{3BD9217B-3448-4C2B-942A-EF9D8EF1223E} = {B71256EA-C706-4E66-94B1-7AFEB3B672D6}
		{46039742-D204-459C-9442-914DFD41E281} = {B71256EA-C706-4E66-94B1-7AFEB3B672D6}
		{2D0B76AB-F9EB-4DA3-938E-319CD3690747} = {B71256EA-C706-4E66-94B1-7AFEB3B672D6}
		{1B14A1A9-397D-4327-8967-32E15A12EF95} = {B71256EA-C706-4E66-94B1-7AFEB3B672D6}
		{080B7CD2-BF21-4822-AFD4-D56DF7B07CE4} = {B71256EA-C706-4E66-94B1-7AFEB3B672D6}
		{EAE62064-E65F-4747-9843-0055775556AF} = {B71256EA-C706-4E66-94B1-7AFEB3B672D6}
		{9ACF88BE-8FCF-4BDA-8429-38DB7C7A4568} = {B71256EA-C706-4E66-94B1-7AFEB3B672D6}
		{12EAE4C8-3CF1-4AEF-A57B-DDBB505B27DF} = {B71256EA-C706-4E66-94B1-7AFEB3B672D6}
		{EE4F00D2-95F6-41AB-AD18-CCEA88E01BC3} = {01C5932A-B7C8-43A1-80EB-9A498B13B5D4}
		{E9C13E32-1CAB-4307-9A42-C88A3328B2CA} = {01C5932A-B7C8-43A1-80EB-9A498B13B5D4}
		{3F8B9C73-176F-465C-9603-5C4797ED93B6} = {01C5932A-B7C8-43A1-80EB-9A498B13B5D4}
		{7CC155D0-C559-4DF8-8476-D41616BF631C} = {1AC37112-62C5-4C10-82C0-3073121E4F23}
		{599B3FDF-F2EF-4092-82D7-02F3ED678457} = {637CD307-CA7F-4B00-A974-BA8B99340C7B}
		{1CD3E90F-8C57-4770-827E-2D0FC9C8779F} = {637CD307-CA7F-4B00-A974-BA8B99340C7B}
		{4E9BC1C4-9136-4CC5-89CD-32B63A6B9FC0} = {C343D625-4127-42A5-A442-C52031F3BEC6}
		{05755E14-6896-45BD-8862-41EE93E3C948} = {C343D625-4127-42A5-A442-C52031F3BEC6}
		{0D1697E9-0544-4252-87AE-A96994534C06} = {C343D625-4127-42A5-A442-C52031F3BEC6}
		{28CAEF84-6059-419D-B7D8-AC0872E922B9} = {1AC37112-62C5-4C10-82C0-3073121E4F23}
		{C5615E30-54D2-42C2-810F-72EA29BD4A7E} = {7E76B665-03E3-45C5-AE7D-91CA81C1767F}
		{630EB80A-F21A-4CAB-86DA-0AE009855DFA} = {C343D625-4127-42A5-A442-C52031F3BEC6}
		{58F938A2-DD03-4713-9DD4-474B7A7B88E9} = {C343D625-4127-42A5-A442-C52031F3BEC6}
		{11DBC95B-E511-4843-BA7E-2651FA5EBEDB} = {C343D625-4127-42A5-A442-C52031F3BEC6}
		{F2323038-4EB0-4706-96FC-70AD0DEC6E78} = {C343D625-4127-42A5-A442-C52031F3BEC6}
		{25525DD3-1C72-4688-A84E-36CEB1861322} = {C343D625-4127-42A5-A442-C52031F3BEC6}
		{63C9765A-92FE-4C9D-9696-72B62A80D2D9} = {C343D625-4127-42A5-A442-C52031F3BEC6}
		{308D2865-529C-4D7F-9E02-929F9DF07F57} = {C343D625-4127-42A5-A442-C52031F3BEC6}
		{E0A40E4A-0B5B-449A-8C6B-310413D18DF9} = {C343D625-4127-42A5-A442-C52031F3BEC6}
		{24DFE549-A9EC-4170-B750-9037865A2819} = {C343D625-4127-42A5-A442-C52031F3BEC6}
		{3C2BFDC4-F981-4060-9314-897DCF50C286} = {C343D625-4127-42A5-A442-C52031F3BEC6}
		{2E4B7C64-7F35-4354-A3F5-0025E800F889} = {C343D625-4127-42A5-A442-C52031F3BEC6}
		{7229A797-DA0B-4D63-824F-93F9F8A31F14} = {C343D625-4127-42A5-A442-C52031F3BEC6}
		{65989D5E-35EF-4872-8C2D-025015E8B1C0} = {C343D625-4127-42A5-A442-C52031F3BEC6}
		{87B7E7EB-4228-499E-A6C8-AA13AD7F09B7} = {C343D625-4127-42A5-A442-C52031F3BEC6}
		{F0F7BFB3-4E38-4922-A5AD-86641E3B6EAA} = {C343D625-4127-42A5-A442-C52031F3BEC6}
		{8E5A1E36-3764-413B-A6FF-C184D83B94C0} = {C343D625-4127-42A5-A442-C52031F3BEC6}
		{B9BA54BA-CF41-4438-8898-FFB9836CE3AA} = {C343D625-4127-42A5-A442-C52031F3BEC6}
		{2AB207C1-639F-4E42-BB4B-E0AE3347DF9A} = {C343D625-4127-42A5-A442-C52031F3BEC6}
		{7D1FDAD0-784A-4C3B-9909-5B56A3F0447F} = {C343D625-4127-42A5-A442-C52031F3BEC6}
		{211353BA-CE11-4BF3-A978-624AEACC803B} = {C343D625-4127-42A5-A442-C52031F3BEC6}
		{39E19418-1E97-4045-BEA0-A845831CADF5} = {C343D625-4127-42A5-A442-C52031F3BEC6}
		{BDE9B3D1-3C9F-4E37-AF3C-27A9574778F3} = {C343D625-4127-42A5-A442-C52031F3BEC6}
		{586C8BB2-BB6A-4FD7-8630-BC66CCF7B374} = {C343D625-4127-42A5-A442-C52031F3BEC6}
		{683824D5-1079-4505-8D33-C54C566A6C16} = {C343D625-4127-42A5-A442-C52031F3BEC6}
		{45763032-2F14-475F-818B-17FE8BC3C073} = {C343D625-4127-42A5-A442-C52031F3BEC6}
		{A68759DC-5037-4D33-AFB4-E2940AC10457} = {C343D625-4127-42A5-A442-C52031F3BEC6}
		{6F3C9C69-8EA7-49AF-9050-56B4A3E47003} = {C343D625-4127-42A5-A442-C52031F3BEC6}
		{E587CBD9-8BB7-4B42-B365-E9271C964D12} = {C343D625-4127-42A5-A442-C52031F3BEC6}
		{92B41A21-0213-4A91-95E4-17E426EA02E4} = {C343D625-4127-42A5-A442-C52031F3BEC6}
		{6055651A-6A37-4D99-B882-9CB0422B6311} = {F08C39CD-E9C9-481F-A7EC-59BC6ACF73A3}
		{540A50CD-347A-4D69-B28F-9587EE4A7FA9} = {3825F053-B510-4855-9D6E-A3629C12B730}
		{A85BD82B-9E35-4435-B390-BE962BFC1494} = {3825F053-B510-4855-9D6E-A3629C12B730}
		{86FCA4A2-D978-4CD6-9427-8C32781C2402} = {3825F053-B510-4855-9D6E-A3629C12B730}
		{BDEC8ACF-A5A3-4660-A388-F4E8B7B0812D} = {3825F053-B510-4855-9D6E-A3629C12B730}
		{2078685C-EC8B-4F02-980D-0A28A1671A41} = {8414B3C7-EE06-4E30-8623-8A438DB94D7B}
		{8A605185-B87E-4508-898A-CE712EEAD611} = {8414B3C7-EE06-4E30-8623-8A438DB94D7B}
		{3598C7DE-FDD5-4FF1-ACAB-CDB061A100C3} = {08D1BDA8-5273-4BBB-BC1E-354CF36F6A08}
		{52057D15-BDDB-493B-AA26-15A4E7AB1871} = {08D1BDA8-5273-4BBB-BC1E-354CF36F6A08}
		{EB8F3568-55A9-491F-8F8D-1824DE47D3FD} = {08D1BDA8-5273-4BBB-BC1E-354CF36F6A08}
		{86218A16-5085-4083-88D4-9DD63CF47036} = {08D1BDA8-5273-4BBB-BC1E-354CF36F6A08}
		{2D940790-FF33-4FA6-817E-9AF23F30053A} = {08D1BDA8-5273-4BBB-BC1E-354CF36F6A08}
		{8EE79D56-74C3-4861-8238-0F1DD98C4BB6} = {4FDB47C2-093F-4217-AB24-5B0919D08A31}
		{8627AF1A-7DD5-4A50-8AA0-BD9AA1D8B3F7} = {E338855B-71AB-4F3F-AED7-747F88A6CC36}
		{F0AAF60A-E1C0-43F1-AA67-6A266A6DAD83} = {08D1BDA8-5273-4BBB-BC1E-354CF36F6A08}
	EndGlobalSection
	GlobalSection(ExtensibilityGlobals) = postSolution
		SolutionGuid = {A137998C-AE6B-4842-97D0-A4D045CE1C97}
	EndGlobalSection
EndGlobal
