
Microsoft Visual Studio Solution File, Format Version 12.00
# Visual Studio 15
VisualStudioVersion = 15.0.27703.2026
MinimumVisualStudioVersion = 10.0.40219.1
Project("{8BC9CEB8-8B4A-11D0-8D11-00A0C91BC942}") = "01_CreateDevice", "CreateDevice\CreateDevice.vcxproj", "{89D2C923-1A4D-492B-AFC7-ECB3285886A0}"
EndProject
Project("{8BC9CEB8-8B4A-11D0-8D11-00A0C91BC942}") = "02_CreateDevice_01", "CreateDevice_01\CreateDevice_01.vcxproj", "{3BD9217B-3448-4C2B-942A-EF9D8EF1223E}"
EndProject
Project("{8BC9CEB8-8B4A-11D0-8D11-00A0C91BC942}") = "3DCore", "3DCore\3DCore.vcxproj", "{4FB27D98-79F5-40DA-B3F4-F6204C530C74}"
EndProject
Project("{2150E333-8FDC-42A3-9474-1A3956D46DE8}") = "Part_01_Device", "Part_01_Device", "{B71256EA-C706-4E66-94B1-7AFEB3B672D6}"
EndProject
Project("{8BC9CEB8-8B4A-11D0-8D11-00A0C91BC942}") = "03_LibraryTest", "LibraryTest\LibraryTest.vcxproj", "{46039742-D204-459C-9442-914DFD41E281}"
	ProjectSection(ProjectDependencies) = postProject
		{4FB27D98-79F5-40DA-B3F4-F6204C530C74} = {4FB27D98-79F5-40DA-B3F4-F6204C530C74}
	EndProjectSection
EndProject
Project("{8BC9CEB8-8B4A-11D0-8D11-00A0C91BC942}") = "04_DXGI", "DXGI\DXGI.vcxproj", "{2D0B76AB-F9EB-4DA3-938E-319CD3690747}"
	ProjectSection(ProjectDependencies) = postProject
		{4FB27D98-79F5-40DA-B3F4-F6204C530C74} = {4FB27D98-79F5-40DA-B3F4-F6204C530C74}
	EndProjectSection
EndProject
Project("{8BC9CEB8-8B4A-11D0-8D11-00A0C91BC942}") = "05_FullScreenDevice", "FullScreenDevice\FullScreenDevice.vcxproj", "{1B14A1A9-397D-4327-8967-32E15A12EF95}"
	ProjectSection(ProjectDependencies) = postProject
		{4FB27D98-79F5-40DA-B3F4-F6204C530C74} = {4FB27D98-79F5-40DA-B3F4-F6204C530C74}
	EndProjectSection
EndProject
Project("{8BC9CEB8-8B4A-11D0-8D11-00A0C91BC942}") = "06_Timer", "Timer\Timer.vcxproj", "{080B7CD2-BF21-4822-AFD4-D56DF7B07CE4}"
EndProject
Project("{8BC9CEB8-8B4A-11D0-8D11-00A0C91BC942}") = "07_DirectWrite", "DirectWrite\DirectWrite.vcxproj", "{EAE62064-E65F-4747-9843-0055775556AF}"
	ProjectSection(ProjectDependencies) = postProject
		{4FB27D98-79F5-40DA-B3F4-F6204C530C74} = {4FB27D98-79F5-40DA-B3F4-F6204C530C74}
	EndProjectSection
EndProject
Project("{8BC9CEB8-8B4A-11D0-8D11-00A0C91BC942}") = "08_DirectInput", "DirectInput\DirectInput.vcxproj", "{9ACF88BE-8FCF-4BDA-8429-38DB7C7A4568}"
	ProjectSection(ProjectDependencies) = postProject
		{4FB27D98-79F5-40DA-B3F4-F6204C530C74} = {4FB27D98-79F5-40DA-B3F4-F6204C530C74}
	EndProjectSection
EndProject
Project("{8BC9CEB8-8B4A-11D0-8D11-00A0C91BC942}") = "09_Review", "Review\Review.vcxproj", "{12EAE4C8-3CF1-4AEF-A57B-DDBB505B27DF}"
EndProject
Project("{8BC9CEB8-8B4A-11D0-8D11-00A0C91BC942}") = "3DCore_2", "3DCore_2\3DCore_2.vcxproj", "{AD497FC2-4D51-478F-A83D-53FA9E8A1379}"
EndProject
Project("{2150E333-8FDC-42A3-9474-1A3956D46DE8}") = "Part_02_Buffer", "Part_02_Buffer", "{01C5932A-B7C8-43A1-80EB-9A498B13B5D4}"
EndProject
Project("{8BC9CEB8-8B4A-11D0-8D11-00A0C91BC942}") = "01_VertexBuffer", "VertexBuffer\VertexBuffer.vcxproj", "{EE4F00D2-95F6-41AB-AD18-CCEA88E01BC3}"
	ProjectSection(ProjectDependencies) = postProject
		{AD497FC2-4D51-478F-A83D-53FA9E8A1379} = {AD497FC2-4D51-478F-A83D-53FA9E8A1379}
	EndProjectSection
EndProject
Global
	GlobalSection(SolutionConfigurationPlatforms) = preSolution
		Debug|x64 = Debug|x64
		Debug|x86 = Debug|x86
		Release|x64 = Release|x64
		Release|x86 = Release|x86
	EndGlobalSection
	GlobalSection(ProjectConfigurationPlatforms) = postSolution
		{89D2C923-1A4D-492B-AFC7-ECB3285886A0}.Debug|x64.ActiveCfg = Debug|x64
		{89D2C923-1A4D-492B-AFC7-ECB3285886A0}.Debug|x64.Build.0 = Debug|x64
		{89D2C923-1A4D-492B-AFC7-ECB3285886A0}.Debug|x86.ActiveCfg = Debug|Win32
		{89D2C923-1A4D-492B-AFC7-ECB3285886A0}.Debug|x86.Build.0 = Debug|Win32
		{89D2C923-1A4D-492B-AFC7-ECB3285886A0}.Release|x64.ActiveCfg = Release|x64
		{89D2C923-1A4D-492B-AFC7-ECB3285886A0}.Release|x64.Build.0 = Release|x64
		{89D2C923-1A4D-492B-AFC7-ECB3285886A0}.Release|x86.ActiveCfg = Release|Win32
		{89D2C923-1A4D-492B-AFC7-ECB3285886A0}.Release|x86.Build.0 = Release|Win32
		{3BD9217B-3448-4C2B-942A-EF9D8EF1223E}.Debug|x64.ActiveCfg = Debug|x64
		{3BD9217B-3448-4C2B-942A-EF9D8EF1223E}.Debug|x64.Build.0 = Debug|x64
		{3BD9217B-3448-4C2B-942A-EF9D8EF1223E}.Debug|x86.ActiveCfg = Debug|Win32
		{3BD9217B-3448-4C2B-942A-EF9D8EF1223E}.Debug|x86.Build.0 = Debug|Win32
		{3BD9217B-3448-4C2B-942A-EF9D8EF1223E}.Release|x64.ActiveCfg = Release|x64
		{3BD9217B-3448-4C2B-942A-EF9D8EF1223E}.Release|x64.Build.0 = Release|x64
		{3BD9217B-3448-4C2B-942A-EF9D8EF1223E}.Release|x86.ActiveCfg = Release|Win32
		{3BD9217B-3448-4C2B-942A-EF9D8EF1223E}.Release|x86.Build.0 = Release|Win32
		{4FB27D98-79F5-40DA-B3F4-F6204C530C74}.Debug|x64.ActiveCfg = Debug|x64
		{4FB27D98-79F5-40DA-B3F4-F6204C530C74}.Debug|x64.Build.0 = Debug|x64
		{4FB27D98-79F5-40DA-B3F4-F6204C530C74}.Debug|x86.ActiveCfg = Debug|Win32
		{4FB27D98-79F5-40DA-B3F4-F6204C530C74}.Debug|x86.Build.0 = Debug|Win32
		{4FB27D98-79F5-40DA-B3F4-F6204C530C74}.Release|x64.ActiveCfg = Release|x64
		{4FB27D98-79F5-40DA-B3F4-F6204C530C74}.Release|x64.Build.0 = Release|x64
		{4FB27D98-79F5-40DA-B3F4-F6204C530C74}.Release|x86.ActiveCfg = Release|Win32
		{4FB27D98-79F5-40DA-B3F4-F6204C530C74}.Release|x86.Build.0 = Release|Win32
		{46039742-D204-459C-9442-914DFD41E281}.Debug|x64.ActiveCfg = Debug|x64
		{46039742-D204-459C-9442-914DFD41E281}.Debug|x64.Build.0 = Debug|x64
		{46039742-D204-459C-9442-914DFD41E281}.Debug|x86.ActiveCfg = Debug|Win32
		{46039742-D204-459C-9442-914DFD41E281}.Debug|x86.Build.0 = Debug|Win32
		{46039742-D204-459C-9442-914DFD41E281}.Release|x64.ActiveCfg = Release|x64
		{46039742-D204-459C-9442-914DFD41E281}.Release|x64.Build.0 = Release|x64
		{46039742-D204-459C-9442-914DFD41E281}.Release|x86.ActiveCfg = Release|Win32
		{46039742-D204-459C-9442-914DFD41E281}.Release|x86.Build.0 = Release|Win32
		{2D0B76AB-F9EB-4DA3-938E-319CD3690747}.Debug|x64.ActiveCfg = Debug|x64
		{2D0B76AB-F9EB-4DA3-938E-319CD3690747}.Debug|x64.Build.0 = Debug|x64
		{2D0B76AB-F9EB-4DA3-938E-319CD3690747}.Debug|x86.ActiveCfg = Debug|Win32
		{2D0B76AB-F9EB-4DA3-938E-319CD3690747}.Debug|x86.Build.0 = Debug|Win32
		{2D0B76AB-F9EB-4DA3-938E-319CD3690747}.Release|x64.ActiveCfg = Release|x64
		{2D0B76AB-F9EB-4DA3-938E-319CD3690747}.Release|x64.Build.0 = Release|x64
		{2D0B76AB-F9EB-4DA3-938E-319CD3690747}.Release|x86.ActiveCfg = Release|Win32
		{2D0B76AB-F9EB-4DA3-938E-319CD3690747}.Release|x86.Build.0 = Release|Win32
		{1B14A1A9-397D-4327-8967-32E15A12EF95}.Debug|x64.ActiveCfg = Debug|x64
		{1B14A1A9-397D-4327-8967-32E15A12EF95}.Debug|x64.Build.0 = Debug|x64
		{1B14A1A9-397D-4327-8967-32E15A12EF95}.Debug|x86.ActiveCfg = Debug|Win32
		{1B14A1A9-397D-4327-8967-32E15A12EF95}.Debug|x86.Build.0 = Debug|Win32
		{1B14A1A9-397D-4327-8967-32E15A12EF95}.Release|x64.ActiveCfg = Release|x64
		{1B14A1A9-397D-4327-8967-32E15A12EF95}.Release|x64.Build.0 = Release|x64
		{1B14A1A9-397D-4327-8967-32E15A12EF95}.Release|x86.ActiveCfg = Release|Win32
		{1B14A1A9-397D-4327-8967-32E15A12EF95}.Release|x86.Build.0 = Release|Win32
		{080B7CD2-BF21-4822-AFD4-D56DF7B07CE4}.Debug|x64.ActiveCfg = Debug|x64
		{080B7CD2-BF21-4822-AFD4-D56DF7B07CE4}.Debug|x64.Build.0 = Debug|x64
		{080B7CD2-BF21-4822-AFD4-D56DF7B07CE4}.Debug|x86.ActiveCfg = Debug|Win32
		{080B7CD2-BF21-4822-AFD4-D56DF7B07CE4}.Debug|x86.Build.0 = Debug|Win32
		{080B7CD2-BF21-4822-AFD4-D56DF7B07CE4}.Release|x64.ActiveCfg = Release|x64
		{080B7CD2-BF21-4822-AFD4-D56DF7B07CE4}.Release|x64.Build.0 = Release|x64
		{080B7CD2-BF21-4822-AFD4-D56DF7B07CE4}.Release|x86.ActiveCfg = Release|Win32
		{080B7CD2-BF21-4822-AFD4-D56DF7B07CE4}.Release|x86.Build.0 = Release|Win32
		{EAE62064-E65F-4747-9843-0055775556AF}.Debug|x64.ActiveCfg = Debug|x64
		{EAE62064-E65F-4747-9843-0055775556AF}.Debug|x64.Build.0 = Debug|x64
		{EAE62064-E65F-4747-9843-0055775556AF}.Debug|x86.ActiveCfg = Debug|Win32
		{EAE62064-E65F-4747-9843-0055775556AF}.Debug|x86.Build.0 = Debug|Win32
		{EAE62064-E65F-4747-9843-0055775556AF}.Release|x64.ActiveCfg = Release|x64
		{EAE62064-E65F-4747-9843-0055775556AF}.Release|x64.Build.0 = Release|x64
		{EAE62064-E65F-4747-9843-0055775556AF}.Release|x86.ActiveCfg = Release|Win32
		{EAE62064-E65F-4747-9843-0055775556AF}.Release|x86.Build.0 = Release|Win32
		{9ACF88BE-8FCF-4BDA-8429-38DB7C7A4568}.Debug|x64.ActiveCfg = Debug|x64
		{9ACF88BE-8FCF-4BDA-8429-38DB7C7A4568}.Debug|x64.Build.0 = Debug|x64
		{9ACF88BE-8FCF-4BDA-8429-38DB7C7A4568}.Debug|x86.ActiveCfg = Debug|Win32
		{9ACF88BE-8FCF-4BDA-8429-38DB7C7A4568}.Debug|x86.Build.0 = Debug|Win32
		{9ACF88BE-8FCF-4BDA-8429-38DB7C7A4568}.Release|x64.ActiveCfg = Release|x64
		{9ACF88BE-8FCF-4BDA-8429-38DB7C7A4568}.Release|x64.Build.0 = Release|x64
		{9ACF88BE-8FCF-4BDA-8429-38DB7C7A4568}.Release|x86.ActiveCfg = Release|Win32
		{9ACF88BE-8FCF-4BDA-8429-38DB7C7A4568}.Release|x86.Build.0 = Release|Win32
		{12EAE4C8-3CF1-4AEF-A57B-DDBB505B27DF}.Debug|x64.ActiveCfg = Debug|x64
		{12EAE4C8-3CF1-4AEF-A57B-DDBB505B27DF}.Debug|x64.Build.0 = Debug|x64
		{12EAE4C8-3CF1-4AEF-A57B-DDBB505B27DF}.Debug|x86.ActiveCfg = Debug|Win32
		{12EAE4C8-3CF1-4AEF-A57B-DDBB505B27DF}.Debug|x86.Build.0 = Debug|Win32
		{12EAE4C8-3CF1-4AEF-A57B-DDBB505B27DF}.Release|x64.ActiveCfg = Release|x64
		{12EAE4C8-3CF1-4AEF-A57B-DDBB505B27DF}.Release|x64.Build.0 = Release|x64
		{12EAE4C8-3CF1-4AEF-A57B-DDBB505B27DF}.Release|x86.ActiveCfg = Release|Win32
		{12EAE4C8-3CF1-4AEF-A57B-DDBB505B27DF}.Release|x86.Build.0 = Release|Win32
		{AD497FC2-4D51-478F-A83D-53FA9E8A1379}.Debug|x64.ActiveCfg = Debug|x64
		{AD497FC2-4D51-478F-A83D-53FA9E8A1379}.Debug|x64.Build.0 = Debug|x64
		{AD497FC2-4D51-478F-A83D-53FA9E8A1379}.Debug|x86.ActiveCfg = Debug|Win32
		{AD497FC2-4D51-478F-A83D-53FA9E8A1379}.Debug|x86.Build.0 = Debug|Win32
		{AD497FC2-4D51-478F-A83D-53FA9E8A1379}.Release|x64.ActiveCfg = Release|x64
		{AD497FC2-4D51-478F-A83D-53FA9E8A1379}.Release|x64.Build.0 = Release|x64
		{AD497FC2-4D51-478F-A83D-53FA9E8A1379}.Release|x86.ActiveCfg = Release|Win32
		{AD497FC2-4D51-478F-A83D-53FA9E8A1379}.Release|x86.Build.0 = Release|Win32
		{EE4F00D2-95F6-41AB-AD18-CCEA88E01BC3}.Debug|x64.ActiveCfg = Debug|x64
		{EE4F00D2-95F6-41AB-AD18-CCEA88E01BC3}.Debug|x64.Build.0 = Debug|x64
		{EE4F00D2-95F6-41AB-AD18-CCEA88E01BC3}.Debug|x86.ActiveCfg = Debug|Win32
		{EE4F00D2-95F6-41AB-AD18-CCEA88E01BC3}.Debug|x86.Build.0 = Debug|Win32
		{EE4F00D2-95F6-41AB-AD18-CCEA88E01BC3}.Release|x64.ActiveCfg = Release|x64
		{EE4F00D2-95F6-41AB-AD18-CCEA88E01BC3}.Release|x64.Build.0 = Release|x64
		{EE4F00D2-95F6-41AB-AD18-CCEA88E01BC3}.Release|x86.ActiveCfg = Release|Win32
		{EE4F00D2-95F6-41AB-AD18-CCEA88E01BC3}.Release|x86.Build.0 = Release|Win32
	EndGlobalSection
	GlobalSection(SolutionProperties) = preSolution
		HideSolutionNode = FALSE
	EndGlobalSection
	GlobalSection(NestedProjects) = preSolution
		{89D2C923-1A4D-492B-AFC7-ECB3285886A0} = {B71256EA-C706-4E66-94B1-7AFEB3B672D6}
		{3BD9217B-3448-4C2B-942A-EF9D8EF1223E} = {B71256EA-C706-4E66-94B1-7AFEB3B672D6}
		{46039742-D204-459C-9442-914DFD41E281} = {B71256EA-C706-4E66-94B1-7AFEB3B672D6}
		{2D0B76AB-F9EB-4DA3-938E-319CD3690747} = {B71256EA-C706-4E66-94B1-7AFEB3B672D6}
		{1B14A1A9-397D-4327-8967-32E15A12EF95} = {B71256EA-C706-4E66-94B1-7AFEB3B672D6}
		{080B7CD2-BF21-4822-AFD4-D56DF7B07CE4} = {B71256EA-C706-4E66-94B1-7AFEB3B672D6}
		{EAE62064-E65F-4747-9843-0055775556AF} = {B71256EA-C706-4E66-94B1-7AFEB3B672D6}
		{9ACF88BE-8FCF-4BDA-8429-38DB7C7A4568} = {B71256EA-C706-4E66-94B1-7AFEB3B672D6}
		{12EAE4C8-3CF1-4AEF-A57B-DDBB505B27DF} = {B71256EA-C706-4E66-94B1-7AFEB3B672D6}
		{EE4F00D2-95F6-41AB-AD18-CCEA88E01BC3} = {01C5932A-B7C8-43A1-80EB-9A498B13B5D4}
	EndGlobalSection
	GlobalSection(ExtensibilityGlobals) = postSolution
		SolutionGuid = {A137998C-AE6B-4842-97D0-A4D045CE1C97}
	EndGlobalSection
EndGlobal
